// !$*UTF8*$!
{
	archiveVersion = 1;
	classes = {
	};
	objectVersion = 55;
	objects = {

/* Begin PBXBuildFile section */
		5B06DF3B27CAAA260036BB19 /* cBlur.cpp in Sources */ = {isa = PBXBuildFile; fileRef = 5B06DE8B27CAAA260036BB19 /* cBlur.cpp */; };
		5B06DF3C27CAAA260036BB19 /* cGlow.cpp in Sources */ = {isa = PBXBuildFile; fileRef = 5B06DE8E27CAAA260036BB19 /* cGlow.cpp */; };
		5B06DF3D27CAAA260036BB19 /* cSnow.cpp in Sources */ = {isa = PBXBuildFile; fileRef = 5B06DE8F27CAAA260036BB19 /* cSnow.cpp */; };
		5B06DF3E27CAAA260036BB19 /* cOutline.cpp in Sources */ = {isa = PBXBuildFile; fileRef = 5B06DE9427CAAA260036BB19 /* cOutline.cpp */; };
		5B06DF3F27CAAA260036BB19 /* cInk.cpp in Sources */ = {isa = PBXBuildFile; fileRef = 5B06DE9527CAAA260036BB19 /* cInk.cpp */; };
		5B06DF4027CAAA260036BB19 /* cHeadlight.cpp in Sources */ = {isa = PBXBuildFile; fileRef = 5B06DE9627CAAA260036BB19 /* cHeadlight.cpp */; };
		5B06DF4127CAAA260036BB19 /* cTurf.cpp in Sources */ = {isa = PBXBuildFile; fileRef = 5B06DE9827CAAA260036BB19 /* cTurf.cpp */; };
		5B06DF4227CAAA260036BB19 /* cWindscreen.cpp in Sources */ = {isa = PBXBuildFile; fileRef = 5B06DE9B27CAAA260036BB19 /* cWindscreen.cpp */; };
		5B06DF4327CAAA260036BB19 /* cWorm.cpp in Sources */ = {isa = PBXBuildFile; fileRef = 5B06DE9C27CAAA260036BB19 /* cWorm.cpp */; };
		5B06DF4427CAAA260036BB19 /* cShadow.cpp in Sources */ = {isa = PBXBuildFile; fileRef = 5B06DE9D27CAAA260036BB19 /* cShadow.cpp */; };
		5B06DF4527CAAA260036BB19 /* cDistortion.cpp in Sources */ = {isa = PBXBuildFile; fileRef = 5B06DE9E27CAAA260036BB19 /* cDistortion.cpp */; };
		5B06DF4627CAAA260036BB19 /* cForeground.cpp in Sources */ = {isa = PBXBuildFile; fileRef = 5B06DEA127CAAA260036BB19 /* cForeground.cpp */; };
		5B06DF4727CAAA260036BB19 /* cPostProcessing.cpp in Sources */ = {isa = PBXBuildFile; fileRef = 5B06DEA427CAAA260036BB19 /* cPostProcessing.cpp */; };
		5B06DF4827CAAA260036BB19 /* cSpecialEffects.cpp in Sources */ = {isa = PBXBuildFile; fileRef = 5B06DEA527CAAA260036BB19 /* cSpecialEffects.cpp */; };
		5B06DF4927CAAA260036BB19 /* main.cpp in Sources */ = {isa = PBXBuildFile; fileRef = 5B06DEA727CAAA260036BB19 /* main.cpp */; };
		5B06DF4A27CAAA260036BB19 /* cMenuNavigator.cpp in Sources */ = {isa = PBXBuildFile; fileRef = 5B06DEA927CAAA260036BB19 /* cMenuNavigator.cpp */; };
		5B06DF4B27CAAA260036BB19 /* cScrollBox.cpp in Sources */ = {isa = PBXBuildFile; fileRef = 5B06DEB127CAAA260036BB19 /* cScrollBox.cpp */; };
		5B06DF4C27CAAA260036BB19 /* cMsgBox.cpp in Sources */ = {isa = PBXBuildFile; fileRef = 5B06DEB227CAAA260036BB19 /* cMsgBox.cpp */; };
		5B06DF4D27CAAA260036BB19 /* cArcadeInput.cpp in Sources */ = {isa = PBXBuildFile; fileRef = 5B06DEB527CAAA260036BB19 /* cArcadeInput.cpp */; };
		5B06DF4E27CAAA260036BB19 /* cInterface.cpp in Sources */ = {isa = PBXBuildFile; fileRef = 5B06DEB727CAAA260036BB19 /* cInterface.cpp */; };
		5B06DF4F27CAAA260036BB19 /* cCreditRoll.cpp in Sources */ = {isa = PBXBuildFile; fileRef = 5B06DEB827CAAA260036BB19 /* cCreditRoll.cpp */; };
		5B06DF5027CAAA260036BB19 /* cTooltip.cpp in Sources */ = {isa = PBXBuildFile; fileRef = 5B06DEB927CAAA260036BB19 /* cTooltip.cpp */; };
		5B06DF5127CAAA260036BB19 /* cCombatText.cpp in Sources */ = {isa = PBXBuildFile; fileRef = 5B06DEBB27CAAA260036BB19 /* cCombatText.cpp */; };
		5B06DF5C27CAAA260036BB19 /* cMenu.cpp in Sources */ = {isa = PBXBuildFile; fileRef = 5B06DEC827CAAA260036BB19 /* cMenu.cpp */; };
		5B06DF6027CAAA260036BB19 /* cWorldMap.cpp in Sources */ = {isa = PBXBuildFile; fileRef = 5B06DECC27CAAA260036BB19 /* cWorldMap.cpp */; };
		5B06DF6127CAAA260036BB19 /* application.cpp in Sources */ = {isa = PBXBuildFile; fileRef = 5B06DED127CAAA260036BB19 /* application.cpp */; };
		5B06DF6527CAAA260036BB19 /* cBackground.cpp in Sources */ = {isa = PBXBuildFile; fileRef = 5B06DED727CAAA260036BB19 /* cBackground.cpp */; };
		5B06DF6D27CAAA260036BB19 /* cOutdoor.cpp in Sources */ = {isa = PBXBuildFile; fileRef = 5B06DEE027CAAA260036BB19 /* cOutdoor.cpp */; };
		5B06DF6E27CAAA260036BB19 /* cEnvironment.cpp in Sources */ = {isa = PBXBuildFile; fileRef = 5B06DEE127CAAA260036BB19 /* cEnvironment.cpp */; };
		5B06DF6F27CAAA260036BB19 /* cWater.cpp in Sources */ = {isa = PBXBuildFile; fileRef = 5B06DEE227CAAA260036BB19 /* cWater.cpp */; };
		5B06DF7027CAAA260036BB19 /* cTable.cpp in Sources */ = {isa = PBXBuildFile; fileRef = 5B06DEE727CAAA260036BB19 /* cTable.cpp */; };
		5B06DF7127CAAA260036BB19 /* cHelper.cpp in Sources */ = {isa = PBXBuildFile; fileRef = 5B06DEEA27CAAA260036BB19 /* cHelper.cpp */; };
		5B06DF7227CAAA260036BB19 /* cWeapon.cpp in Sources */ = {isa = PBXBuildFile; fileRef = 5B06DEEB27CAAA260036BB19 /* cWeapon.cpp */; };
		5B06DF7327CAAA260036BB19 /* cCrash.cpp in Sources */ = {isa = PBXBuildFile; fileRef = 5B06DEEE27CAAA260036BB19 /* cCrash.cpp */; };
		5B06DF7427CAAA260036BB19 /* cPlayer.cpp in Sources */ = {isa = PBXBuildFile; fileRef = 5B06DEF027CAAA260036BB19 /* cPlayer.cpp */; };
		5B06DF7527CAAA260036BB19 /* cShip.cpp in Sources */ = {isa = PBXBuildFile; fileRef = 5B06DEF227CAAA260036BB19 /* cShip.cpp */; };
		5B06DF7927CAAA260036BB19 /* cBoss.cpp in Sources */ = {isa = PBXBuildFile; fileRef = 5B06DEF727CAAA260036BB19 /* cBoss.cpp */; };
		5B06DF8E27CAAA260036BB19 /* cGame.cpp in Sources */ = {isa = PBXBuildFile; fileRef = 5B06DF0D27CAAA260036BB19 /* cGame.cpp */; };
		5B06DFA827CAAA260036BB19 /* cMission.cpp in Sources */ = {isa = PBXBuildFile; fileRef = 5B06DF2927CAAA260036BB19 /* cMission.cpp */; };
		5B06DFAA27CAAA260036BB19 /* cShield.cpp in Sources */ = {isa = PBXBuildFile; fileRef = 5B06DF2B27CAAA260036BB19 /* cShield.cpp */; };
		5B06DFAB27CAAA260036BB19 /* cBullet.cpp in Sources */ = {isa = PBXBuildFile; fileRef = 5B06DF2E27CAAA260036BB19 /* cBullet.cpp */; };
		5B06DFAC27CAAA260036BB19 /* cItem.cpp in Sources */ = {isa = PBXBuildFile; fileRef = 5B06DF3127CAAA260036BB19 /* cItem.cpp */; };
		5B06DFAD27CAAA260036BB19 /* cEnemy.cpp in Sources */ = {isa = PBXBuildFile; fileRef = 5B06DF3327CAAA260036BB19 /* cEnemy.cpp */; };
		5B06DFAE27CAAA260036BB19 /* cSave.cpp in Sources */ = {isa = PBXBuildFile; fileRef = 5B06DF3627CAAA260036BB19 /* cSave.cpp */; };
		5B06DFAF27CAAA260036BB19 /* cReplay.cpp in Sources */ = {isa = PBXBuildFile; fileRef = 5B06DF3727CAAA260036BB19 /* cReplay.cpp */; };
		5B06DFB027CAAA260036BB19 /* cConfig.cpp in Sources */ = {isa = PBXBuildFile; fileRef = 5B06DF3927CAAA260036BB19 /* cConfig.cpp */; };
		5B06DFB927CAB3320036BB19 /* libCoreEngine.a in Frameworks */ = {isa = PBXBuildFile; fileRef = 5B06DFB827CAB3320036BB19 /* libCoreEngine.a */; };
		5B06DFCC27CAB68A0036BB19 /* 02_cNevoMission_setup.cpp in Sources */ = {isa = PBXBuildFile; fileRef = 5B06DF1D27CAAA260036BB19 /* 02_cNevoMission_setup.cpp */; };
		5B06DFCD27CAB68A0036BB19 /* B1_cErrorMission_setup.cpp in Sources */ = {isa = PBXBuildFile; fileRef = 5B06DF1927CAAA260036BB19 /* B1_cErrorMission_setup.cpp */; };
		5B06DFCE27CAB68A0036BB19 /* 05_cGeluMission_setup.cpp in Sources */ = {isa = PBXBuildFile; fileRef = 5B06DF2227CAAA260036BB19 /* 05_cGeluMission_setup.cpp */; };
		5B06DFCF27CAB68A0036BB19 /* 01_cViridoMission_setup.cpp in Sources */ = {isa = PBXBuildFile; fileRef = 5B06DF1F27CAAA260036BB19 /* 01_cViridoMission_setup.cpp */; };
		5B06DFD027CAB68A0036BB19 /* 07_cMuscusMission_setup.cpp in Sources */ = {isa = PBXBuildFile; fileRef = 5B06DF1027CAAA260036BB19 /* 07_cMuscusMission_setup.cpp */; };
		5B06DFD127CAB68A0036BB19 /* 99_cIntroMission_setup.cpp in Sources */ = {isa = PBXBuildFile; fileRef = 5B06DF1B27CAAA260036BB19 /* 99_cIntroMission_setup.cpp */; };
		5B06DFD227CAB68A0036BB19 /* 06_cCalorMission_setup.cpp in Sources */ = {isa = PBXBuildFile; fileRef = 5B06DF2027CAAA260036BB19 /* 06_cCalorMission_setup.cpp */; };
		5B06DFD327CAB68A0036BB19 /* 04_cRutilusMission_setup.cpp in Sources */ = {isa = PBXBuildFile; fileRef = 5B06DF1427CAAA260036BB19 /* 04_cRutilusMission_setup.cpp */; };
		5B06DFD427CAB68A0036BB19 /* B2_cDemoMission_setup.cpp in Sources */ = {isa = PBXBuildFile; fileRef = 5B06DF1527CAAA260036BB19 /* B2_cDemoMission_setup.cpp */; };
		5B06DFD527CAB68A0036BB19 /* A2_cBonus2Mission_setup.cpp in Sources */ = {isa = PBXBuildFile; fileRef = 5B06DF2127CAAA260036BB19 /* A2_cBonus2Mission_setup.cpp */; };
		5B06DFD627CAB68A0036BB19 /* 03_cHarenaMission_setup.cpp in Sources */ = {isa = PBXBuildFile; fileRef = 5B06DF1227CAAA260036BB19 /* 03_cHarenaMission_setup.cpp */; };
		5B06DFD727CAB6A80036BB19 /* A1_cBonus1Mission_setup.cpp in Sources */ = {isa = PBXBuildFile; fileRef = 5B06DF2627CAAA260036BB19 /* A1_cBonus1Mission_setup.cpp */; };
		5B06DFD827CAB6AA0036BB19 /* 08_cAterMission_setup.cpp in Sources */ = {isa = PBXBuildFile; fileRef = 5B06DF2A27CAAA260036BB19 /* 08_cAterMission_setup.cpp */; };
		5B42D8EA27D3A01F0075F2A6 /* Assets.xcassets in Resources */ = {isa = PBXBuildFile; fileRef = 5B42D8E827D3A01F0075F2A6 /* Assets.xcassets */; };
		5B5B7C8227D2A146003FD836 /* SDL2_image.framework in Frameworks */ = {isa = PBXBuildFile; fileRef = 5B5B7C7A27D2A145003FD836 /* SDL2_image.framework */; };
		5B5B7C8327D2A146003FD836 /* SDL2_image.framework in Embed Frameworks */ = {isa = PBXBuildFile; fileRef = 5B5B7C7A27D2A145003FD836 /* SDL2_image.framework */; settings = {ATTRIBUTES = (CodeSignOnCopy, RemoveHeadersOnCopy, ); }; };
		5B5B7C8427D2A146003FD836 /* libvorbis.dylib in Frameworks */ = {isa = PBXBuildFile; fileRef = 5B5B7C7B27D2A145003FD836 /* libvorbis.dylib */; };
		5B5B7C8527D2A146003FD836 /* libvorbis.dylib in Embed Frameworks */ = {isa = PBXBuildFile; fileRef = 5B5B7C7B27D2A145003FD836 /* libvorbis.dylib */; settings = {ATTRIBUTES = (CodeSignOnCopy, ); }; };
		5B5B7C8627D2A146003FD836 /* libzstd.dylib in Frameworks */ = {isa = PBXBuildFile; fileRef = 5B5B7C7C27D2A145003FD836 /* libzstd.dylib */; };
		5B5B7C8727D2A146003FD836 /* libzstd.dylib in Embed Frameworks */ = {isa = PBXBuildFile; fileRef = 5B5B7C7C27D2A145003FD836 /* libzstd.dylib */; settings = {ATTRIBUTES = (CodeSignOnCopy, ); }; };
		5B5B7C8827D2A146003FD836 /* SDL2_ttf.framework in Frameworks */ = {isa = PBXBuildFile; fileRef = 5B5B7C7D27D2A145003FD836 /* SDL2_ttf.framework */; };
		5B5B7C8927D2A146003FD836 /* SDL2_ttf.framework in Embed Frameworks */ = {isa = PBXBuildFile; fileRef = 5B5B7C7D27D2A145003FD836 /* SDL2_ttf.framework */; settings = {ATTRIBUTES = (CodeSignOnCopy, RemoveHeadersOnCopy, ); }; };
		5B5B7C8A27D2A146003FD836 /* libvorbisfile.dylib in Frameworks */ = {isa = PBXBuildFile; fileRef = 5B5B7C7E27D2A145003FD836 /* libvorbisfile.dylib */; };
		5B5B7C8B27D2A146003FD836 /* libvorbisfile.dylib in Embed Frameworks */ = {isa = PBXBuildFile; fileRef = 5B5B7C7E27D2A145003FD836 /* libvorbisfile.dylib */; settings = {ATTRIBUTES = (CodeSignOnCopy, ); }; };
		5B5B7C8C27D2A146003FD836 /* libopenal.dylib in Frameworks */ = {isa = PBXBuildFile; fileRef = 5B5B7C7F27D2A146003FD836 /* libopenal.dylib */; };
		5B5B7C8D27D2A146003FD836 /* libopenal.dylib in Embed Frameworks */ = {isa = PBXBuildFile; fileRef = 5B5B7C7F27D2A146003FD836 /* libopenal.dylib */; settings = {ATTRIBUTES = (CodeSignOnCopy, ); }; };
		5B5B7C8E27D2A146003FD836 /* SDL2.framework in Frameworks */ = {isa = PBXBuildFile; fileRef = 5B5B7C8027D2A146003FD836 /* SDL2.framework */; };
		5B5B7C8F27D2A146003FD836 /* SDL2.framework in Embed Frameworks */ = {isa = PBXBuildFile; fileRef = 5B5B7C8027D2A146003FD836 /* SDL2.framework */; settings = {ATTRIBUTES = (CodeSignOnCopy, RemoveHeadersOnCopy, ); }; };
		5B5B7C9027D2A146003FD836 /* libogg.dylib in Frameworks */ = {isa = PBXBuildFile; fileRef = 5B5B7C8127D2A146003FD836 /* libogg.dylib */; };
		5B5B7C9127D2A146003FD836 /* libogg.dylib in Embed Frameworks */ = {isa = PBXBuildFile; fileRef = 5B5B7C8127D2A146003FD836 /* libogg.dylib */; settings = {ATTRIBUTES = (CodeSignOnCopy, ); }; };
		5B5B801F27D2A4BA003FD836 /* data in Resources */ = {isa = PBXBuildFile; fileRef = 5B5B801E27D2A4BA003FD836 /* data */; };
/* End PBXBuildFile section */

/* Begin PBXCopyFilesBuildPhase section */
		5B5B7C9227D2A146003FD836 /* Embed Frameworks */ = {
			isa = PBXCopyFilesBuildPhase;
			buildActionMask = 2147483647;
			dstPath = "";
			dstSubfolderSpec = 10;
			files = (
				5B5B7C8927D2A146003FD836 /* SDL2_ttf.framework in Embed Frameworks */,
				5B5B7C8727D2A146003FD836 /* libzstd.dylib in Embed Frameworks */,
				5B5B7C9127D2A146003FD836 /* libogg.dylib in Embed Frameworks */,
				5B5B7C8327D2A146003FD836 /* SDL2_image.framework in Embed Frameworks */,
				5B5B7C8B27D2A146003FD836 /* libvorbisfile.dylib in Embed Frameworks */,
				5B5B7C8527D2A146003FD836 /* libvorbis.dylib in Embed Frameworks */,
				5B5B7C8D27D2A146003FD836 /* libopenal.dylib in Embed Frameworks */,
				5B5B7C8F27D2A146003FD836 /* SDL2.framework in Embed Frameworks */,
			);
			name = "Embed Frameworks";
			runOnlyForDeploymentPostprocessing = 0;
		};
/* End PBXCopyFilesBuildPhase section */

/* Begin PBXFileReference section */
		5B06DE7627CAA48E0036BB19 /* Eigengrau.app */ = {isa = PBXFileReference; explicitFileType = wrapper.application; includeInIndex = 0; path = Eigengrau.app; sourceTree = BUILT_PRODUCTS_DIR; };
		5B06DE8A27CAAA260036BB19 /* cWorm.h */ = {isa = PBXFileReference; fileEncoding = 4; lastKnownFileType = sourcecode.c.h; path = cWorm.h; sourceTree = "<group>"; };
		5B06DE8B27CAAA260036BB19 /* cBlur.cpp */ = {isa = PBXFileReference; fileEncoding = 4; lastKnownFileType = sourcecode.cpp.cpp; path = cBlur.cpp; sourceTree = "<group>"; };
		5B06DE8C27CAAA260036BB19 /* cOutline.h */ = {isa = PBXFileReference; fileEncoding = 4; lastKnownFileType = sourcecode.c.h; path = cOutline.h; sourceTree = "<group>"; };
		5B06DE8D27CAAA260036BB19 /* cSnow.h */ = {isa = PBXFileReference; fileEncoding = 4; lastKnownFileType = sourcecode.c.h; path = cSnow.h; sourceTree = "<group>"; };
		5B06DE8E27CAAA260036BB19 /* cGlow.cpp */ = {isa = PBXFileReference; fileEncoding = 4; lastKnownFileType = sourcecode.cpp.cpp; path = cGlow.cpp; sourceTree = "<group>"; };
		5B06DE8F27CAAA260036BB19 /* cSnow.cpp */ = {isa = PBXFileReference; fileEncoding = 4; lastKnownFileType = sourcecode.cpp.cpp; path = cSnow.cpp; sourceTree = "<group>"; };
		5B06DE9027CAAA260036BB19 /* cGlow.h */ = {isa = PBXFileReference; fileEncoding = 4; lastKnownFileType = sourcecode.c.h; path = cGlow.h; sourceTree = "<group>"; };
		5B06DE9127CAAA260036BB19 /* cPostProcessing.h */ = {isa = PBXFileReference; fileEncoding = 4; lastKnownFileType = sourcecode.c.h; path = cPostProcessing.h; sourceTree = "<group>"; };
		5B06DE9227CAAA260036BB19 /* cShadow.h */ = {isa = PBXFileReference; fileEncoding = 4; lastKnownFileType = sourcecode.c.h; path = cShadow.h; sourceTree = "<group>"; };
		5B06DE9327CAAA260036BB19 /* cInk.h */ = {isa = PBXFileReference; fileEncoding = 4; lastKnownFileType = sourcecode.c.h; path = cInk.h; sourceTree = "<group>"; };
		5B06DE9427CAAA260036BB19 /* cOutline.cpp */ = {isa = PBXFileReference; fileEncoding = 4; lastKnownFileType = sourcecode.cpp.cpp; path = cOutline.cpp; sourceTree = "<group>"; };
		5B06DE9527CAAA260036BB19 /* cInk.cpp */ = {isa = PBXFileReference; fileEncoding = 4; lastKnownFileType = sourcecode.cpp.cpp; path = cInk.cpp; sourceTree = "<group>"; };
		5B06DE9627CAAA260036BB19 /* cHeadlight.cpp */ = {isa = PBXFileReference; fileEncoding = 4; lastKnownFileType = sourcecode.cpp.cpp; path = cHeadlight.cpp; sourceTree = "<group>"; };
		5B06DE9727CAAA260036BB19 /* cWindscreen.h */ = {isa = PBXFileReference; fileEncoding = 4; lastKnownFileType = sourcecode.c.h; path = cWindscreen.h; sourceTree = "<group>"; };
		5B06DE9827CAAA260036BB19 /* cTurf.cpp */ = {isa = PBXFileReference; fileEncoding = 4; lastKnownFileType = sourcecode.cpp.cpp; path = cTurf.cpp; sourceTree = "<group>"; };
		5B06DE9927CAAA260036BB19 /* cSpecialEffects.h */ = {isa = PBXFileReference; fileEncoding = 4; lastKnownFileType = sourcecode.c.h; path = cSpecialEffects.h; sourceTree = "<group>"; };
		5B06DE9A27CAAA260036BB19 /* cDistortion.h */ = {isa = PBXFileReference; fileEncoding = 4; lastKnownFileType = sourcecode.c.h; path = cDistortion.h; sourceTree = "<group>"; };
		5B06DE9B27CAAA260036BB19 /* cWindscreen.cpp */ = {isa = PBXFileReference; fileEncoding = 4; lastKnownFileType = sourcecode.cpp.cpp; path = cWindscreen.cpp; sourceTree = "<group>"; };
		5B06DE9C27CAAA260036BB19 /* cWorm.cpp */ = {isa = PBXFileReference; fileEncoding = 4; lastKnownFileType = sourcecode.cpp.cpp; path = cWorm.cpp; sourceTree = "<group>"; };
		5B06DE9D27CAAA260036BB19 /* cShadow.cpp */ = {isa = PBXFileReference; fileEncoding = 4; lastKnownFileType = sourcecode.cpp.cpp; path = cShadow.cpp; sourceTree = "<group>"; };
		5B06DE9E27CAAA260036BB19 /* cDistortion.cpp */ = {isa = PBXFileReference; fileEncoding = 4; lastKnownFileType = sourcecode.cpp.cpp; path = cDistortion.cpp; sourceTree = "<group>"; };
		5B06DE9F27CAAA260036BB19 /* cBlur.h */ = {isa = PBXFileReference; fileEncoding = 4; lastKnownFileType = sourcecode.c.h; path = cBlur.h; sourceTree = "<group>"; };
		5B06DEA027CAAA260036BB19 /* cForeground.h */ = {isa = PBXFileReference; fileEncoding = 4; lastKnownFileType = sourcecode.c.h; path = cForeground.h; sourceTree = "<group>"; };
		5B06DEA127CAAA260036BB19 /* cForeground.cpp */ = {isa = PBXFileReference; fileEncoding = 4; lastKnownFileType = sourcecode.cpp.cpp; path = cForeground.cpp; sourceTree = "<group>"; };
		5B06DEA227CAAA260036BB19 /* cTurf.h */ = {isa = PBXFileReference; fileEncoding = 4; lastKnownFileType = sourcecode.c.h; path = cTurf.h; sourceTree = "<group>"; };
		5B06DEA327CAAA260036BB19 /* cHeadlight.h */ = {isa = PBXFileReference; fileEncoding = 4; lastKnownFileType = sourcecode.c.h; path = cHeadlight.h; sourceTree = "<group>"; };
		5B06DEA427CAAA260036BB19 /* cPostProcessing.cpp */ = {isa = PBXFileReference; fileEncoding = 4; lastKnownFileType = sourcecode.cpp.cpp; path = cPostProcessing.cpp; sourceTree = "<group>"; };
		5B06DEA527CAAA260036BB19 /* cSpecialEffects.cpp */ = {isa = PBXFileReference; fileEncoding = 4; lastKnownFileType = sourcecode.cpp.cpp; path = cSpecialEffects.cpp; sourceTree = "<group>"; };
		5B06DEA627CAAA260036BB19 /* main.h */ = {isa = PBXFileReference; fileEncoding = 4; lastKnownFileType = sourcecode.c.h; name = main.h; path = ../../source/main.h; sourceTree = "<group>"; };
		5B06DEA727CAAA260036BB19 /* main.cpp */ = {isa = PBXFileReference; fileEncoding = 4; lastKnownFileType = sourcecode.cpp.cpp; name = main.cpp; path = ../../source/main.cpp; sourceTree = "<group>"; };
		5B06DEA927CAAA260036BB19 /* cMenuNavigator.cpp */ = {isa = PBXFileReference; fileEncoding = 4; lastKnownFileType = sourcecode.cpp.cpp; path = cMenuNavigator.cpp; sourceTree = "<group>"; };
		5B06DEAA27CAAA260036BB19 /* cLodObject.h */ = {isa = PBXFileReference; fileEncoding = 4; lastKnownFileType = sourcecode.c.h; path = cLodObject.h; sourceTree = "<group>"; };
		5B06DEAB27CAAA260036BB19 /* cBindContainer.h */ = {isa = PBXFileReference; fileEncoding = 4; lastKnownFileType = sourcecode.c.h; path = cBindContainer.h; sourceTree = "<group>"; };
		5B06DEAC27CAAA260036BB19 /* cGuiObject.h */ = {isa = PBXFileReference; fileEncoding = 4; lastKnownFileType = sourcecode.c.h; path = cGuiObject.h; sourceTree = "<group>"; };
		5B06DEAD27CAAA260036BB19 /* cMenuNavigator.h */ = {isa = PBXFileReference; fileEncoding = 4; lastKnownFileType = sourcecode.c.h; path = cMenuNavigator.h; sourceTree = "<group>"; };
		5B06DEAE27CAAA260036BB19 /* cUtilities.h */ = {isa = PBXFileReference; fileEncoding = 4; lastKnownFileType = sourcecode.c.h; path = cUtilities.h; sourceTree = "<group>"; };
		5B06DEAF27CAAA260036BB19 /* cRotaCache.h */ = {isa = PBXFileReference; fileEncoding = 4; lastKnownFileType = sourcecode.c.h; path = cRotaCache.h; sourceTree = "<group>"; };
		5B06DEB127CAAA260036BB19 /* cScrollBox.cpp */ = {isa = PBXFileReference; fileEncoding = 4; lastKnownFileType = sourcecode.cpp.cpp; path = cScrollBox.cpp; sourceTree = "<group>"; };
		5B06DEB227CAAA260036BB19 /* cMsgBox.cpp */ = {isa = PBXFileReference; fileEncoding = 4; lastKnownFileType = sourcecode.cpp.cpp; path = cMsgBox.cpp; sourceTree = "<group>"; };
		5B06DEB327CAAA260036BB19 /* cCombatText.h */ = {isa = PBXFileReference; fileEncoding = 4; lastKnownFileType = sourcecode.c.h; path = cCombatText.h; sourceTree = "<group>"; };
		5B06DEB427CAAA260036BB19 /* cWorldMap.h */ = {isa = PBXFileReference; fileEncoding = 4; lastKnownFileType = sourcecode.c.h; path = cWorldMap.h; sourceTree = "<group>"; };
		5B06DEB527CAAA260036BB19 /* cArcadeInput.cpp */ = {isa = PBXFileReference; fileEncoding = 4; lastKnownFileType = sourcecode.cpp.cpp; path = cArcadeInput.cpp; sourceTree = "<group>"; };
		5B06DEB627CAAA260036BB19 /* cArcadeInput.h */ = {isa = PBXFileReference; fileEncoding = 4; lastKnownFileType = sourcecode.c.h; path = cArcadeInput.h; sourceTree = "<group>"; };
		5B06DEB727CAAA260036BB19 /* cInterface.cpp */ = {isa = PBXFileReference; fileEncoding = 4; lastKnownFileType = sourcecode.cpp.cpp; path = cInterface.cpp; sourceTree = "<group>"; };
		5B06DEB827CAAA260036BB19 /* cCreditRoll.cpp */ = {isa = PBXFileReference; fileEncoding = 4; lastKnownFileType = sourcecode.cpp.cpp; path = cCreditRoll.cpp; sourceTree = "<group>"; };
		5B06DEB927CAAA260036BB19 /* cTooltip.cpp */ = {isa = PBXFileReference; fileEncoding = 4; lastKnownFileType = sourcecode.cpp.cpp; path = cTooltip.cpp; sourceTree = "<group>"; };
		5B06DEBA27CAAA260036BB19 /* cInterface.h */ = {isa = PBXFileReference; fileEncoding = 4; lastKnownFileType = sourcecode.c.h; path = cInterface.h; sourceTree = "<group>"; };
		5B06DEBB27CAAA260036BB19 /* cCombatText.cpp */ = {isa = PBXFileReference; fileEncoding = 4; lastKnownFileType = sourcecode.cpp.cpp; path = cCombatText.cpp; sourceTree = "<group>"; };
		5B06DEBD27CAAA260036BB19 /* 07_cExtraMenu.cpp */ = {isa = PBXFileReference; fileEncoding = 4; lastKnownFileType = sourcecode.cpp.cpp; path = 07_cExtraMenu.cpp; sourceTree = "<group>"; };
		5B06DEBE27CAAA260036BB19 /* 03_cMainMenu.cpp */ = {isa = PBXFileReference; fileEncoding = 4; lastKnownFileType = sourcecode.cpp.cpp; path = 03_cMainMenu.cpp; sourceTree = "<group>"; };
		5B06DEBF27CAAA260036BB19 /* cMenu.h */ = {isa = PBXFileReference; fileEncoding = 4; lastKnownFileType = sourcecode.c.h; path = cMenu.h; sourceTree = "<group>"; };
		5B06DEC027CAAA260036BB19 /* 02_cTitleMenu.cpp */ = {isa = PBXFileReference; fileEncoding = 4; lastKnownFileType = sourcecode.cpp.cpp; path = 02_cTitleMenu.cpp; sourceTree = "<group>"; };
		5B06DEC127CAAA260036BB19 /* 12_cFinishMenu.cpp */ = {isa = PBXFileReference; fileEncoding = 4; lastKnownFileType = sourcecode.cpp.cpp; path = 12_cFinishMenu.cpp; sourceTree = "<group>"; };
		5B06DEC227CAAA260036BB19 /* 05_cScoreMenu.cpp */ = {isa = PBXFileReference; fileEncoding = 4; lastKnownFileType = sourcecode.cpp.cpp; path = 05_cScoreMenu.cpp; sourceTree = "<group>"; };
		5B06DEC327CAAA260036BB19 /* 11_cDefeatMenu.cpp */ = {isa = PBXFileReference; fileEncoding = 4; lastKnownFileType = sourcecode.cpp.cpp; path = 11_cDefeatMenu.cpp; sourceTree = "<group>"; };
		5B06DEC427CAAA260036BB19 /* 13_cBridgeMenu.cpp */ = {isa = PBXFileReference; fileEncoding = 4; lastKnownFileType = sourcecode.cpp.cpp; path = 13_cBridgeMenu.cpp; sourceTree = "<group>"; };
		5B06DEC527CAAA260036BB19 /* 10_cSummaryMenu.cpp */ = {isa = PBXFileReference; fileEncoding = 4; lastKnownFileType = sourcecode.cpp.cpp; path = 10_cSummaryMenu.cpp; sourceTree = "<group>"; };
		5B06DEC627CAAA260036BB19 /* 01_cIntroMenu.cpp */ = {isa = PBXFileReference; fileEncoding = 4; lastKnownFileType = sourcecode.cpp.cpp; path = 01_cIntroMenu.cpp; sourceTree = "<group>"; };
		5B06DEC727CAAA260036BB19 /* 09_cPauseMenu.cpp */ = {isa = PBXFileReference; fileEncoding = 4; lastKnownFileType = sourcecode.cpp.cpp; path = 09_cPauseMenu.cpp; sourceTree = "<group>"; };
		5B06DEC827CAAA260036BB19 /* cMenu.cpp */ = {isa = PBXFileReference; fileEncoding = 4; lastKnownFileType = sourcecode.cpp.cpp; path = cMenu.cpp; sourceTree = "<group>"; };
		5B06DEC927CAAA260036BB19 /* 06_cReplayMenu.cpp */ = {isa = PBXFileReference; fileEncoding = 4; lastKnownFileType = sourcecode.cpp.cpp; path = 06_cReplayMenu.cpp; sourceTree = "<group>"; };
		5B06DECA27CAAA260036BB19 /* 04_cGameMenu.cpp */ = {isa = PBXFileReference; fileEncoding = 4; lastKnownFileType = sourcecode.cpp.cpp; path = 04_cGameMenu.cpp; sourceTree = "<group>"; };
		5B06DECB27CAAA260036BB19 /* 08_cConfigMenu.cpp */ = {isa = PBXFileReference; fileEncoding = 4; lastKnownFileType = sourcecode.cpp.cpp; path = 08_cConfigMenu.cpp; sourceTree = "<group>"; };
		5B06DECC27CAAA260036BB19 /* cWorldMap.cpp */ = {isa = PBXFileReference; fileEncoding = 4; lastKnownFileType = sourcecode.cpp.cpp; path = cWorldMap.cpp; sourceTree = "<group>"; };
		5B06DECD27CAAA260036BB19 /* cMsgBox.h */ = {isa = PBXFileReference; fileEncoding = 4; lastKnownFileType = sourcecode.c.h; path = cMsgBox.h; sourceTree = "<group>"; };
		5B06DECE27CAAA260036BB19 /* cCreditRoll.h */ = {isa = PBXFileReference; fileEncoding = 4; lastKnownFileType = sourcecode.c.h; path = cCreditRoll.h; sourceTree = "<group>"; };
		5B06DECF27CAAA260036BB19 /* cTooltip.h */ = {isa = PBXFileReference; fileEncoding = 4; lastKnownFileType = sourcecode.c.h; path = cTooltip.h; sourceTree = "<group>"; };
		5B06DED027CAAA260036BB19 /* cScrollBox.h */ = {isa = PBXFileReference; fileEncoding = 4; lastKnownFileType = sourcecode.c.h; path = cScrollBox.h; sourceTree = "<group>"; };
		5B06DED127CAAA260036BB19 /* application.cpp */ = {isa = PBXFileReference; fileEncoding = 4; lastKnownFileType = sourcecode.cpp.cpp; name = application.cpp; path = ../../source/application.cpp; sourceTree = "<group>"; };
		5B06DED427CAAA260036BB19 /* 02_cSeaBackground.cpp */ = {isa = PBXFileReference; fileEncoding = 4; lastKnownFileType = sourcecode.cpp.cpp; path = 02_cSeaBackground.cpp; sourceTree = "<group>"; };
		5B06DED527CAAA260036BB19 /* 08_cDarkBackground.cpp */ = {isa = PBXFileReference; fileEncoding = 4; lastKnownFileType = sourcecode.cpp.cpp; path = 08_cDarkBackground.cpp; sourceTree = "<group>"; };
		5B06DED627CAAA260036BB19 /* 04_cSpaceBackground.cpp */ = {isa = PBXFileReference; fileEncoding = 4; lastKnownFileType = sourcecode.cpp.cpp; path = 04_cSpaceBackground.cpp; sourceTree = "<group>"; };
		5B06DED727CAAA260036BB19 /* cBackground.cpp */ = {isa = PBXFileReference; fileEncoding = 4; lastKnownFileType = sourcecode.cpp.cpp; path = cBackground.cpp; sourceTree = "<group>"; };
		5B06DED827CAAA260036BB19 /* 06_cSnowBackground.cpp */ = {isa = PBXFileReference; fileEncoding = 4; lastKnownFileType = sourcecode.cpp.cpp; path = 06_cSnowBackground.cpp; sourceTree = "<group>"; };
		5B06DED927CAAA260036BB19 /* 99_cCloudBackground.cpp */ = {isa = PBXFileReference; fileEncoding = 4; lastKnownFileType = sourcecode.cpp.cpp; path = 99_cCloudBackground.cpp; sourceTree = "<group>"; };
		5B06DEDA27CAAA260036BB19 /* 01_cGrassBackground.cpp */ = {isa = PBXFileReference; fileEncoding = 4; lastKnownFileType = sourcecode.cpp.cpp; path = 01_cGrassBackground.cpp; sourceTree = "<group>"; };
		5B06DEDB27CAAA260036BB19 /* cBackground.h */ = {isa = PBXFileReference; fileEncoding = 4; lastKnownFileType = sourcecode.c.h; path = cBackground.h; sourceTree = "<group>"; };
		5B06DEDC27CAAA260036BB19 /* 51_cStomachBackground.cpp */ = {isa = PBXFileReference; fileEncoding = 4; lastKnownFileType = sourcecode.cpp.cpp; path = 51_cStomachBackground.cpp; sourceTree = "<group>"; };
		5B06DEDD27CAAA260036BB19 /* 03_cDesertBackground.cpp */ = {isa = PBXFileReference; fileEncoding = 4; lastKnownFileType = sourcecode.cpp.cpp; path = 03_cDesertBackground.cpp; sourceTree = "<group>"; };
		5B06DEDE27CAAA260036BB19 /* 05_cVolcanoBackground.cpp */ = {isa = PBXFileReference; fileEncoding = 4; lastKnownFileType = sourcecode.cpp.cpp; path = 05_cVolcanoBackground.cpp; sourceTree = "<group>"; };
		5B06DEDF27CAAA260036BB19 /* 07_cMossBackground.cpp */ = {isa = PBXFileReference; fileEncoding = 4; lastKnownFileType = sourcecode.cpp.cpp; path = 07_cMossBackground.cpp; sourceTree = "<group>"; };
		5B06DEE027CAAA260036BB19 /* cOutdoor.cpp */ = {isa = PBXFileReference; fileEncoding = 4; lastKnownFileType = sourcecode.cpp.cpp; path = cOutdoor.cpp; sourceTree = "<group>"; };
		5B06DEE127CAAA260036BB19 /* cEnvironment.cpp */ = {isa = PBXFileReference; fileEncoding = 4; lastKnownFileType = sourcecode.cpp.cpp; path = cEnvironment.cpp; sourceTree = "<group>"; };
		5B06DEE227CAAA260036BB19 /* cWater.cpp */ = {isa = PBXFileReference; fileEncoding = 4; lastKnownFileType = sourcecode.cpp.cpp; path = cWater.cpp; sourceTree = "<group>"; };
		5B06DEE327CAAA260036BB19 /* cWater.h */ = {isa = PBXFileReference; fileEncoding = 4; lastKnownFileType = sourcecode.c.h; path = cWater.h; sourceTree = "<group>"; };
		5B06DEE427CAAA260036BB19 /* cOutdoor.h */ = {isa = PBXFileReference; fileEncoding = 4; lastKnownFileType = sourcecode.c.h; path = cOutdoor.h; sourceTree = "<group>"; };
		5B06DEE527CAAA260036BB19 /* cEnvironment.h */ = {isa = PBXFileReference; fileEncoding = 4; lastKnownFileType = sourcecode.c.h; path = cEnvironment.h; sourceTree = "<group>"; };
		5B06DEE727CAAA260036BB19 /* cTable.cpp */ = {isa = PBXFileReference; fileEncoding = 4; lastKnownFileType = sourcecode.cpp.cpp; path = cTable.cpp; sourceTree = "<group>"; };
		5B06DEE827CAAA260036BB19 /* cWeapon.h */ = {isa = PBXFileReference; fileEncoding = 4; lastKnownFileType = sourcecode.c.h; path = cWeapon.h; sourceTree = "<group>"; };
		5B06DEE927CAAA260036BB19 /* cBullet.h */ = {isa = PBXFileReference; fileEncoding = 4; lastKnownFileType = sourcecode.c.h; path = cBullet.h; sourceTree = "<group>"; };
		5B06DEEA27CAAA260036BB19 /* cHelper.cpp */ = {isa = PBXFileReference; fileEncoding = 4; lastKnownFileType = sourcecode.cpp.cpp; path = cHelper.cpp; sourceTree = "<group>"; };
		5B06DEEB27CAAA260036BB19 /* cWeapon.cpp */ = {isa = PBXFileReference; fileEncoding = 4; lastKnownFileType = sourcecode.cpp.cpp; path = cWeapon.cpp; sourceTree = "<group>"; };
		5B06DEEC27CAAA260036BB19 /* cGame.h */ = {isa = PBXFileReference; fileEncoding = 4; lastKnownFileType = sourcecode.c.h; path = cGame.h; sourceTree = "<group>"; };
		5B06DEED27CAAA260036BB19 /* cTable.h */ = {isa = PBXFileReference; fileEncoding = 4; lastKnownFileType = sourcecode.c.h; path = cTable.h; sourceTree = "<group>"; };
		5B06DEEE27CAAA260036BB19 /* cCrash.cpp */ = {isa = PBXFileReference; fileEncoding = 4; lastKnownFileType = sourcecode.cpp.cpp; path = cCrash.cpp; sourceTree = "<group>"; };
		5B06DEEF27CAAA260036BB19 /* cEnemy.h */ = {isa = PBXFileReference; fileEncoding = 4; lastKnownFileType = sourcecode.c.h; path = cEnemy.h; sourceTree = "<group>"; };
		5B06DEF027CAAA260036BB19 /* cPlayer.cpp */ = {isa = PBXFileReference; fileEncoding = 4; lastKnownFileType = sourcecode.cpp.cpp; path = cPlayer.cpp; sourceTree = "<group>"; };
		5B06DEF127CAAA260036BB19 /* cCrash.h */ = {isa = PBXFileReference; fileEncoding = 4; lastKnownFileType = sourcecode.c.h; path = cCrash.h; sourceTree = "<group>"; };
		5B06DEF227CAAA260036BB19 /* cShip.cpp */ = {isa = PBXFileReference; fileEncoding = 4; lastKnownFileType = sourcecode.cpp.cpp; path = cShip.cpp; sourceTree = "<group>"; };
		5B06DEF427CAAA260036BB19 /* 0303_cLuciferBoss.cpp */ = {isa = PBXFileReference; fileEncoding = 4; lastKnownFileType = sourcecode.cpp.cpp; path = 0303_cLuciferBoss.cpp; sourceTree = "<group>"; };
		5B06DEF527CAAA260036BB19 /* 0501_cTartarusBoss.cpp */ = {isa = PBXFileReference; fileEncoding = 4; lastKnownFileType = sourcecode.cpp.cpp; path = 0501_cTartarusBoss.cpp; sourceTree = "<group>"; };
		5B06DEF627CAAA260036BB19 /* 0703_cNagualBoss.cpp */ = {isa = PBXFileReference; fileEncoding = 4; lastKnownFileType = sourcecode.cpp.cpp; path = 0703_cNagualBoss.cpp; sourceTree = "<group>"; };
		5B06DEF727CAAA260036BB19 /* cBoss.cpp */ = {isa = PBXFileReference; fileEncoding = 4; lastKnownFileType = sourcecode.cpp.cpp; path = cBoss.cpp; sourceTree = "<group>"; };
		5B06DEF827CAAA260036BB19 /* 0102_cTorusBoss.cpp */ = {isa = PBXFileReference; fileEncoding = 4; lastKnownFileType = sourcecode.cpp.cpp; path = 0102_cTorusBoss.cpp; sourceTree = "<group>"; };
		5B06DEF927CAAA260036BB19 /* 0801_cProjectOneBoss.cpp */ = {isa = PBXFileReference; fileEncoding = 4; lastKnownFileType = sourcecode.cpp.cpp; path = 0801_cProjectOneBoss.cpp; sourceTree = "<group>"; };
		5B06DEFA27CAAA260036BB19 /* 0202_cAmemasuBoss.cpp */ = {isa = PBXFileReference; fileEncoding = 4; lastKnownFileType = sourcecode.cpp.cpp; path = 0202_cAmemasuBoss.cpp; sourceTree = "<group>"; };
		5B06DEFB27CAAA260036BB19 /* 0502_cPhalarisBoss.cpp */ = {isa = PBXFileReference; fileEncoding = 4; lastKnownFileType = sourcecode.cpp.cpp; path = 0502_cPhalarisBoss.cpp; sourceTree = "<group>"; };
		5B06DEFC27CAAA260036BB19 /* 0603_cZerothBoss.cpp */ = {isa = PBXFileReference; fileEncoding = 4; lastKnownFileType = sourcecode.cpp.cpp; path = 0603_cZerothBoss.cpp; sourceTree = "<group>"; };
		5B06DEFD27CAAA260036BB19 /* 0802_cEigengrauBoss.cpp */ = {isa = PBXFileReference; fileEncoding = 4; lastKnownFileType = sourcecode.cpp.cpp; path = 0802_cEigengrauBoss.cpp; sourceTree = "<group>"; };
		5B06DEFE27CAAA260036BB19 /* 0701_cOrlacBoss.cpp */ = {isa = PBXFileReference; fileEncoding = 4; lastKnownFileType = sourcecode.cpp.cpp; path = 0701_cOrlacBoss.cpp; sourceTree = "<group>"; };
		5B06DEFF27CAAA260036BB19 /* cBoss.h */ = {isa = PBXFileReference; fileEncoding = 4; lastKnownFileType = sourcecode.c.h; path = cBoss.h; sourceTree = "<group>"; };
		5B06DF0027CAAA260036BB19 /* 0401_cQuaternionBoss.cpp */ = {isa = PBXFileReference; fileEncoding = 4; lastKnownFileType = sourcecode.cpp.cpp; path = 0401_cQuaternionBoss.cpp; sourceTree = "<group>"; };
		5B06DF0127CAAA260036BB19 /* 0402_cSarosBoss.cpp */ = {isa = PBXFileReference; fileEncoding = 4; lastKnownFileType = sourcecode.cpp.cpp; path = 0402_cSarosBoss.cpp; sourceTree = "<group>"; };
		5B06DF0227CAAA260036BB19 /* 0503_cCholBoss.cpp */ = {isa = PBXFileReference; fileEncoding = 4; lastKnownFileType = sourcecode.cpp.cpp; path = 0503_cCholBoss.cpp; sourceTree = "<group>"; };
		5B06DF0327CAAA260036BB19 /* 0203_cLeviathanBoss.cpp */ = {isa = PBXFileReference; fileEncoding = 4; lastKnownFileType = sourcecode.cpp.cpp; path = 0203_cLeviathanBoss.cpp; sourceTree = "<group>"; };
		5B06DF0427CAAA260036BB19 /* 0302_cTigerBoss.cpp */ = {isa = PBXFileReference; fileEncoding = 4; lastKnownFileType = sourcecode.cpp.cpp; path = 0302_cTigerBoss.cpp; sourceTree = "<group>"; };
		5B06DF0527CAAA260036BB19 /* 0403_cMessierBoss.cpp */ = {isa = PBXFileReference; fileEncoding = 4; lastKnownFileType = sourcecode.cpp.cpp; path = 0403_cMessierBoss.cpp; sourceTree = "<group>"; };
		5B06DF0627CAAA260036BB19 /* 0103_cVausBoss.cpp */ = {isa = PBXFileReference; fileEncoding = 4; lastKnownFileType = sourcecode.cpp.cpp; path = 0103_cVausBoss.cpp; sourceTree = "<group>"; };
		5B06DF0727CAAA260036BB19 /* 0101_cDharukBoss.cpp */ = {isa = PBXFileReference; fileEncoding = 4; lastKnownFileType = sourcecode.cpp.cpp; path = 0101_cDharukBoss.cpp; sourceTree = "<group>"; };
		5B06DF0827CAAA260036BB19 /* 0301_cUrticaBoss.cpp */ = {isa = PBXFileReference; fileEncoding = 4; lastKnownFileType = sourcecode.cpp.cpp; path = 0301_cUrticaBoss.cpp; sourceTree = "<group>"; };
		5B06DF0927CAAA260036BB19 /* 0601_cFenrirBoss.cpp */ = {isa = PBXFileReference; fileEncoding = 4; lastKnownFileType = sourcecode.cpp.cpp; path = 0601_cFenrirBoss.cpp; sourceTree = "<group>"; };
		5B06DF0A27CAAA260036BB19 /* 0602_cShelobBoss.cpp */ = {isa = PBXFileReference; fileEncoding = 4; lastKnownFileType = sourcecode.cpp.cpp; path = 0602_cShelobBoss.cpp; sourceTree = "<group>"; };
		5B06DF0B27CAAA260036BB19 /* 0702_cGemingaBoss.cpp */ = {isa = PBXFileReference; fileEncoding = 4; lastKnownFileType = sourcecode.cpp.cpp; path = 0702_cGemingaBoss.cpp; sourceTree = "<group>"; };
		5B06DF0C27CAAA260036BB19 /* 0201_cNautilusBoss.cpp */ = {isa = PBXFileReference; fileEncoding = 4; lastKnownFileType = sourcecode.cpp.cpp; path = 0201_cNautilusBoss.cpp; sourceTree = "<group>"; };
		5B06DF0D27CAAA260036BB19 /* cGame.cpp */ = {isa = PBXFileReference; fileEncoding = 4; lastKnownFileType = sourcecode.cpp.cpp; path = cGame.cpp; sourceTree = "<group>"; };
		5B06DF0F27CAAA260036BB19 /* A1_cBonus1Mission.cpp */ = {isa = PBXFileReference; fileEncoding = 4; lastKnownFileType = sourcecode.cpp.cpp; path = A1_cBonus1Mission.cpp; sourceTree = "<group>"; };
		5B06DF1027CAAA260036BB19 /* 07_cMuscusMission_setup.cpp */ = {isa = PBXFileReference; fileEncoding = 4; lastKnownFileType = sourcecode.cpp.cpp; path = 07_cMuscusMission_setup.cpp; sourceTree = "<group>"; };
		5B06DF1127CAAA260036BB19 /* B2_cDemoMission.cpp */ = {isa = PBXFileReference; fileEncoding = 4; lastKnownFileType = sourcecode.cpp.cpp; path = B2_cDemoMission.cpp; sourceTree = "<group>"; };
		5B06DF1227CAAA260036BB19 /* 03_cHarenaMission_setup.cpp */ = {isa = PBXFileReference; fileEncoding = 4; lastKnownFileType = sourcecode.cpp.cpp; path = 03_cHarenaMission_setup.cpp; sourceTree = "<group>"; };
		5B06DF1327CAAA260036BB19 /* 03_cHarenaMission.cpp */ = {isa = PBXFileReference; fileEncoding = 4; lastKnownFileType = sourcecode.cpp.cpp; path = 03_cHarenaMission.cpp; sourceTree = "<group>"; };
		5B06DF1427CAAA260036BB19 /* 04_cRutilusMission_setup.cpp */ = {isa = PBXFileReference; fileEncoding = 4; lastKnownFileType = sourcecode.cpp.cpp; path = 04_cRutilusMission_setup.cpp; sourceTree = "<group>"; };
		5B06DF1527CAAA260036BB19 /* B2_cDemoMission_setup.cpp */ = {isa = PBXFileReference; fileEncoding = 4; lastKnownFileType = sourcecode.cpp.cpp; path = B2_cDemoMission_setup.cpp; sourceTree = "<group>"; };
		5B06DF1627CAAA260036BB19 /* 07_cMuscusMission.cpp */ = {isa = PBXFileReference; fileEncoding = 4; lastKnownFileType = sourcecode.cpp.cpp; path = 07_cMuscusMission.cpp; sourceTree = "<group>"; };
		5B06DF1727CAAA260036BB19 /* 05_cGeluMission.cpp */ = {isa = PBXFileReference; fileEncoding = 4; lastKnownFileType = sourcecode.cpp.cpp; path = 05_cGeluMission.cpp; sourceTree = "<group>"; };
		5B06DF1827CAAA260036BB19 /* 06_cCalorMission.cpp */ = {isa = PBXFileReference; fileEncoding = 4; lastKnownFileType = sourcecode.cpp.cpp; path = 06_cCalorMission.cpp; sourceTree = "<group>"; };
		5B06DF1927CAAA260036BB19 /* B1_cErrorMission_setup.cpp */ = {isa = PBXFileReference; fileEncoding = 4; lastKnownFileType = sourcecode.cpp.cpp; path = B1_cErrorMission_setup.cpp; sourceTree = "<group>"; };
		5B06DF1A27CAAA260036BB19 /* 02_cNevoMission.cpp */ = {isa = PBXFileReference; fileEncoding = 4; lastKnownFileType = sourcecode.cpp.cpp; path = 02_cNevoMission.cpp; sourceTree = "<group>"; };
		5B06DF1B27CAAA260036BB19 /* 99_cIntroMission_setup.cpp */ = {isa = PBXFileReference; fileEncoding = 4; lastKnownFileType = sourcecode.cpp.cpp; path = 99_cIntroMission_setup.cpp; sourceTree = "<group>"; };
		5B06DF1C27CAAA260036BB19 /* 99_cIntroMission.cpp */ = {isa = PBXFileReference; fileEncoding = 4; lastKnownFileType = sourcecode.cpp.cpp; path = 99_cIntroMission.cpp; sourceTree = "<group>"; };
		5B06DF1D27CAAA260036BB19 /* 02_cNevoMission_setup.cpp */ = {isa = PBXFileReference; fileEncoding = 4; lastKnownFileType = sourcecode.cpp.cpp; path = 02_cNevoMission_setup.cpp; sourceTree = "<group>"; };
		5B06DF1E27CAAA260036BB19 /* 01_cViridoMission.cpp */ = {isa = PBXFileReference; fileEncoding = 4; lastKnownFileType = sourcecode.cpp.cpp; path = 01_cViridoMission.cpp; sourceTree = "<group>"; };
		5B06DF1F27CAAA260036BB19 /* 01_cViridoMission_setup.cpp */ = {isa = PBXFileReference; fileEncoding = 4; lastKnownFileType = sourcecode.cpp.cpp; path = 01_cViridoMission_setup.cpp; sourceTree = "<group>"; };
		5B06DF2027CAAA260036BB19 /* 06_cCalorMission_setup.cpp */ = {isa = PBXFileReference; fileEncoding = 4; lastKnownFileType = sourcecode.cpp.cpp; path = 06_cCalorMission_setup.cpp; sourceTree = "<group>"; };
		5B06DF2127CAAA260036BB19 /* A2_cBonus2Mission_setup.cpp */ = {isa = PBXFileReference; fileEncoding = 4; lastKnownFileType = sourcecode.cpp.cpp; path = A2_cBonus2Mission_setup.cpp; sourceTree = "<group>"; };
		5B06DF2227CAAA260036BB19 /* 05_cGeluMission_setup.cpp */ = {isa = PBXFileReference; fileEncoding = 4; lastKnownFileType = sourcecode.cpp.cpp; path = 05_cGeluMission_setup.cpp; sourceTree = "<group>"; };
		5B06DF2327CAAA260036BB19 /* B1_cErrorMission.cpp */ = {isa = PBXFileReference; fileEncoding = 4; lastKnownFileType = sourcecode.cpp.cpp; path = B1_cErrorMission.cpp; sourceTree = "<group>"; };
		5B06DF2427CAAA260036BB19 /* 04_cRutilusMission.cpp */ = {isa = PBXFileReference; fileEncoding = 4; lastKnownFileType = sourcecode.cpp.cpp; path = 04_cRutilusMission.cpp; sourceTree = "<group>"; };
		5B06DF2527CAAA260036BB19 /* cMission.h */ = {isa = PBXFileReference; fileEncoding = 4; lastKnownFileType = sourcecode.c.h; path = cMission.h; sourceTree = "<group>"; };
		5B06DF2627CAAA260036BB19 /* A1_cBonus1Mission_setup.cpp */ = {isa = PBXFileReference; fileEncoding = 4; lastKnownFileType = sourcecode.cpp.cpp; path = A1_cBonus1Mission_setup.cpp; sourceTree = "<group>"; };
		5B06DF2727CAAA260036BB19 /* A2_cBonus2Mission.cpp */ = {isa = PBXFileReference; fileEncoding = 4; lastKnownFileType = sourcecode.cpp.cpp; path = A2_cBonus2Mission.cpp; sourceTree = "<group>"; };
		5B06DF2827CAAA260036BB19 /* 08_cAterMission.cpp */ = {isa = PBXFileReference; fileEncoding = 4; lastKnownFileType = sourcecode.cpp.cpp; path = 08_cAterMission.cpp; sourceTree = "<group>"; };
		5B06DF2927CAAA260036BB19 /* cMission.cpp */ = {isa = PBXFileReference; fileEncoding = 4; lastKnownFileType = sourcecode.cpp.cpp; path = cMission.cpp; sourceTree = "<group>"; };
		5B06DF2A27CAAA260036BB19 /* 08_cAterMission_setup.cpp */ = {isa = PBXFileReference; fileEncoding = 4; lastKnownFileType = sourcecode.cpp.cpp; path = 08_cAterMission_setup.cpp; sourceTree = "<group>"; };
		5B06DF2B27CAAA260036BB19 /* cShield.cpp */ = {isa = PBXFileReference; fileEncoding = 4; lastKnownFileType = sourcecode.cpp.cpp; path = cShield.cpp; sourceTree = "<group>"; };
		5B06DF2C27CAAA260036BB19 /* cHelper.h */ = {isa = PBXFileReference; fileEncoding = 4; lastKnownFileType = sourcecode.c.h; path = cHelper.h; sourceTree = "<group>"; };
		5B06DF2D27CAAA260036BB19 /* cShip.h */ = {isa = PBXFileReference; fileEncoding = 4; lastKnownFileType = sourcecode.c.h; path = cShip.h; sourceTree = "<group>"; };
		5B06DF2E27CAAA260036BB19 /* cBullet.cpp */ = {isa = PBXFileReference; fileEncoding = 4; lastKnownFileType = sourcecode.cpp.cpp; path = cBullet.cpp; sourceTree = "<group>"; };
		5B06DF2F27CAAA260036BB19 /* cShield.h */ = {isa = PBXFileReference; fileEncoding = 4; lastKnownFileType = sourcecode.c.h; path = cShield.h; sourceTree = "<group>"; };
		5B06DF3027CAAA260036BB19 /* cPlayer.h */ = {isa = PBXFileReference; fileEncoding = 4; lastKnownFileType = sourcecode.c.h; path = cPlayer.h; sourceTree = "<group>"; };
		5B06DF3127CAAA260036BB19 /* cItem.cpp */ = {isa = PBXFileReference; fileEncoding = 4; lastKnownFileType = sourcecode.cpp.cpp; path = cItem.cpp; sourceTree = "<group>"; };
		5B06DF3227CAAA260036BB19 /* cItem.h */ = {isa = PBXFileReference; fileEncoding = 4; lastKnownFileType = sourcecode.c.h; path = cItem.h; sourceTree = "<group>"; };
		5B06DF3327CAAA260036BB19 /* cEnemy.cpp */ = {isa = PBXFileReference; fileEncoding = 4; lastKnownFileType = sourcecode.cpp.cpp; path = cEnemy.cpp; sourceTree = "<group>"; };
		5B06DF3527CAAA260036BB19 /* cReplay.h */ = {isa = PBXFileReference; fileEncoding = 4; lastKnownFileType = sourcecode.c.h; path = cReplay.h; sourceTree = "<group>"; };
		5B06DF3627CAAA260036BB19 /* cSave.cpp */ = {isa = PBXFileReference; fileEncoding = 4; lastKnownFileType = sourcecode.cpp.cpp; path = cSave.cpp; sourceTree = "<group>"; };
		5B06DF3727CAAA260036BB19 /* cReplay.cpp */ = {isa = PBXFileReference; fileEncoding = 4; lastKnownFileType = sourcecode.cpp.cpp; path = cReplay.cpp; sourceTree = "<group>"; };
		5B06DF3827CAAA260036BB19 /* cConfig.h */ = {isa = PBXFileReference; fileEncoding = 4; lastKnownFileType = sourcecode.c.h; path = cConfig.h; sourceTree = "<group>"; };
		5B06DF3927CAAA260036BB19 /* cConfig.cpp */ = {isa = PBXFileReference; fileEncoding = 4; lastKnownFileType = sourcecode.cpp.cpp; path = cConfig.cpp; sourceTree = "<group>"; };
		5B06DF3A27CAAA260036BB19 /* cSave.h */ = {isa = PBXFileReference; fileEncoding = 4; lastKnownFileType = sourcecode.c.h; path = cSave.h; sourceTree = "<group>"; };
		5B06DFB827CAB3320036BB19 /* libCoreEngine.a */ = {isa = PBXFileReference; explicitFileType = archive.ar; path = libCoreEngine.a; sourceTree = BUILT_PRODUCTS_DIR; };
		5B06DFCA27CAB5C30036BB19 /* OpenGL.framework */ = {isa = PBXFileReference; lastKnownFileType = wrapper.framework; name = OpenGL.framework; path = System/Library/Frameworks/OpenGL.framework; sourceTree = SDKROOT; };
		5B42D8E827D3A01F0075F2A6 /* Assets.xcassets */ = {isa = PBXFileReference; lastKnownFileType = folder.assetcatalog; path = Assets.xcassets; sourceTree = "<group>"; };
		5B42D8E927D3A01F0075F2A6 /* Entitlements.entitlements */ = {isa = PBXFileReference; fileEncoding = 4; lastKnownFileType = text.plist.entitlements; path = Entitlements.entitlements; sourceTree = "<group>"; };
		5B5B7C7A27D2A145003FD836 /* SDL2_image.framework */ = {isa = PBXFileReference; lastKnownFileType = wrapper.framework; name = SDL2_image.framework; path = ../../../CoreEngine/libraries/bin/macos/SDL2_image.framework; sourceTree = "<group>"; };
		5B5B7C7B27D2A145003FD836 /* libvorbis.dylib */ = {isa = PBXFileReference; lastKnownFileType = "compiled.mach-o.dylib"; name = libvorbis.dylib; path = ../../../CoreEngine/libraries/bin/macos/libvorbis.dylib; sourceTree = "<group>"; };
		5B5B7C7C27D2A145003FD836 /* libzstd.dylib */ = {isa = PBXFileReference; lastKnownFileType = "compiled.mach-o.dylib"; name = libzstd.dylib; path = ../../../CoreEngine/libraries/bin/macos/libzstd.dylib; sourceTree = "<group>"; };
		5B5B7C7D27D2A145003FD836 /* SDL2_ttf.framework */ = {isa = PBXFileReference; lastKnownFileType = wrapper.framework; name = SDL2_ttf.framework; path = ../../../CoreEngine/libraries/bin/macos/SDL2_ttf.framework; sourceTree = "<group>"; };
		5B5B7C7E27D2A145003FD836 /* libvorbisfile.dylib */ = {isa = PBXFileReference; lastKnownFileType = "compiled.mach-o.dylib"; name = libvorbisfile.dylib; path = ../../../CoreEngine/libraries/bin/macos/libvorbisfile.dylib; sourceTree = "<group>"; };
		5B5B7C7F27D2A146003FD836 /* libopenal.dylib */ = {isa = PBXFileReference; lastKnownFileType = "compiled.mach-o.dylib"; name = libopenal.dylib; path = ../../../CoreEngine/libraries/bin/macos/libopenal.dylib; sourceTree = "<group>"; };
		5B5B7C8027D2A146003FD836 /* SDL2.framework */ = {isa = PBXFileReference; lastKnownFileType = wrapper.framework; name = SDL2.framework; path = ../../../CoreEngine/libraries/bin/macos/SDL2.framework; sourceTree = "<group>"; };
		5B5B7C8127D2A146003FD836 /* libogg.dylib */ = {isa = PBXFileReference; lastKnownFileType = "compiled.mach-o.dylib"; name = libogg.dylib; path = ../../../CoreEngine/libraries/bin/macos/libogg.dylib; sourceTree = "<group>"; };
		5B5B801E27D2A4BA003FD836 /* data */ = {isa = PBXFileReference; lastKnownFileType = folder; name = data; path = ../../executable/data; sourceTree = "<group>"; };
/* End PBXFileReference section */

/* Begin PBXFrameworksBuildPhase section */
		5B06DE7327CAA48E0036BB19 /* Frameworks */ = {
			isa = PBXFrameworksBuildPhase;
			buildActionMask = 2147483647;
			files = (
				5B5B7C8427D2A146003FD836 /* libvorbis.dylib in Frameworks */,
				5B06DFB927CAB3320036BB19 /* libCoreEngine.a in Frameworks */,
				5B5B7C8227D2A146003FD836 /* SDL2_image.framework in Frameworks */,
				5B5B7C8C27D2A146003FD836 /* libopenal.dylib in Frameworks */,
				5B5B7C8A27D2A146003FD836 /* libvorbisfile.dylib in Frameworks */,
				5B5B7C8627D2A146003FD836 /* libzstd.dylib in Frameworks */,
				5B5B7C9027D2A146003FD836 /* libogg.dylib in Frameworks */,
				5B5B7C8827D2A146003FD836 /* SDL2_ttf.framework in Frameworks */,
				5B5B7C8E27D2A146003FD836 /* SDL2.framework in Frameworks */,
			);
			runOnlyForDeploymentPostprocessing = 0;
		};
/* End PBXFrameworksBuildPhase section */

/* Begin PBXGroup section */
		5B06DE6D27CAA48E0036BB19 = {
			isa = PBXGroup;
			children = (
				5B06DFB727CAB3320036BB19 /* Frameworks */,
				5B06DE7727CAA48E0036BB19 /* Products */,
				5B42D8E727D3A01F0075F2A6 /* configuration */,
				5B5B801E27D2A4BA003FD836 /* data */,
				5B06DEA827CAAA260036BB19 /* additional */,
				5B06DED227CAAA260036BB19 /* environment */,
				5B06DF3427CAAA260036BB19 /* file */,
				5B06DEE627CAAA260036BB19 /* game */,
				5B06DEB027CAAA260036BB19 /* interface */,
				5B06DE8927CAAA260036BB19 /* visual */,
				5B06DED127CAAA260036BB19 /* application.cpp */,
				5B06DEA727CAAA260036BB19 /* main.cpp */,
				5B06DEA627CAAA260036BB19 /* main.h */,
			);
			sourceTree = "<group>";
		};
		5B06DE7727CAA48E0036BB19 /* Products */ = {
			isa = PBXGroup;
			children = (
				5B06DE7627CAA48E0036BB19 /* Eigengrau.app */,
			);
			name = Products;
			sourceTree = "<group>";
		};
		5B06DE8927CAAA260036BB19 /* visual */ = {
			isa = PBXGroup;
			children = (
				5B06DE8B27CAAA260036BB19 /* cBlur.cpp */,
				5B06DE9F27CAAA260036BB19 /* cBlur.h */,
				5B06DE9E27CAAA260036BB19 /* cDistortion.cpp */,
				5B06DE9A27CAAA260036BB19 /* cDistortion.h */,
				5B06DEA127CAAA260036BB19 /* cForeground.cpp */,
				5B06DEA027CAAA260036BB19 /* cForeground.h */,
				5B06DE8E27CAAA260036BB19 /* cGlow.cpp */,
				5B06DE9027CAAA260036BB19 /* cGlow.h */,
				5B06DE9627CAAA260036BB19 /* cHeadlight.cpp */,
				5B06DEA327CAAA260036BB19 /* cHeadlight.h */,
				5B06DE9527CAAA260036BB19 /* cInk.cpp */,
				5B06DE9327CAAA260036BB19 /* cInk.h */,
				5B06DE9427CAAA260036BB19 /* cOutline.cpp */,
				5B06DE8C27CAAA260036BB19 /* cOutline.h */,
				5B06DEA427CAAA260036BB19 /* cPostProcessing.cpp */,
				5B06DE9127CAAA260036BB19 /* cPostProcessing.h */,
				5B06DE9D27CAAA260036BB19 /* cShadow.cpp */,
				5B06DE9227CAAA260036BB19 /* cShadow.h */,
				5B06DE8F27CAAA260036BB19 /* cSnow.cpp */,
				5B06DE8D27CAAA260036BB19 /* cSnow.h */,
				5B06DEA527CAAA260036BB19 /* cSpecialEffects.cpp */,
				5B06DE9927CAAA260036BB19 /* cSpecialEffects.h */,
				5B06DE9827CAAA260036BB19 /* cTurf.cpp */,
				5B06DEA227CAAA260036BB19 /* cTurf.h */,
				5B06DE9B27CAAA260036BB19 /* cWindscreen.cpp */,
				5B06DE9727CAAA260036BB19 /* cWindscreen.h */,
				5B06DE9C27CAAA260036BB19 /* cWorm.cpp */,
				5B06DE8A27CAAA260036BB19 /* cWorm.h */,
			);
			name = visual;
			path = ../../source/visual;
			sourceTree = "<group>";
		};
		5B06DEA827CAAA260036BB19 /* additional */ = {
			isa = PBXGroup;
			children = (
				5B06DEAB27CAAA260036BB19 /* cBindContainer.h */,
				5B06DEAC27CAAA260036BB19 /* cGuiObject.h */,
				5B06DEAA27CAAA260036BB19 /* cLodObject.h */,
				5B06DEA927CAAA260036BB19 /* cMenuNavigator.cpp */,
				5B06DEAD27CAAA260036BB19 /* cMenuNavigator.h */,
				5B06DEAF27CAAA260036BB19 /* cRotaCache.h */,
				5B06DEAE27CAAA260036BB19 /* cUtilities.h */,
			);
			name = additional;
			path = ../../source/additional;
			sourceTree = "<group>";
		};
		5B06DEB027CAAA260036BB19 /* interface */ = {
			isa = PBXGroup;
			children = (
				5B06DEBC27CAAA260036BB19 /* menu */,
				5B06DEB527CAAA260036BB19 /* cArcadeInput.cpp */,
				5B06DEB627CAAA260036BB19 /* cArcadeInput.h */,
				5B06DEBB27CAAA260036BB19 /* cCombatText.cpp */,
				5B06DEB327CAAA260036BB19 /* cCombatText.h */,
				5B06DEB827CAAA260036BB19 /* cCreditRoll.cpp */,
				5B06DECE27CAAA260036BB19 /* cCreditRoll.h */,
				5B06DEB727CAAA260036BB19 /* cInterface.cpp */,
				5B06DEBA27CAAA260036BB19 /* cInterface.h */,
				5B06DEB227CAAA260036BB19 /* cMsgBox.cpp */,
				5B06DECD27CAAA260036BB19 /* cMsgBox.h */,
				5B06DEB127CAAA260036BB19 /* cScrollBox.cpp */,
				5B06DED027CAAA260036BB19 /* cScrollBox.h */,
				5B06DEB927CAAA260036BB19 /* cTooltip.cpp */,
				5B06DECF27CAAA260036BB19 /* cTooltip.h */,
				5B06DECC27CAAA260036BB19 /* cWorldMap.cpp */,
				5B06DEB427CAAA260036BB19 /* cWorldMap.h */,
			);
			name = interface;
			path = ../../source/interface;
			sourceTree = "<group>";
		};
		5B06DEBC27CAAA260036BB19 /* menu */ = {
			isa = PBXGroup;
			children = (
				5B06DEC627CAAA260036BB19 /* 01_cIntroMenu.cpp */,
				5B06DEC027CAAA260036BB19 /* 02_cTitleMenu.cpp */,
				5B06DEBE27CAAA260036BB19 /* 03_cMainMenu.cpp */,
				5B06DECA27CAAA260036BB19 /* 04_cGameMenu.cpp */,
				5B06DEC227CAAA260036BB19 /* 05_cScoreMenu.cpp */,
				5B06DEC927CAAA260036BB19 /* 06_cReplayMenu.cpp */,
				5B06DEBD27CAAA260036BB19 /* 07_cExtraMenu.cpp */,
				5B06DECB27CAAA260036BB19 /* 08_cConfigMenu.cpp */,
				5B06DEC727CAAA260036BB19 /* 09_cPauseMenu.cpp */,
				5B06DEC527CAAA260036BB19 /* 10_cSummaryMenu.cpp */,
				5B06DEC327CAAA260036BB19 /* 11_cDefeatMenu.cpp */,
				5B06DEC127CAAA260036BB19 /* 12_cFinishMenu.cpp */,
				5B06DEC427CAAA260036BB19 /* 13_cBridgeMenu.cpp */,
				5B06DEC827CAAA260036BB19 /* cMenu.cpp */,
				5B06DEBF27CAAA260036BB19 /* cMenu.h */,
			);
			path = menu;
			sourceTree = "<group>";
		};
		5B06DED227CAAA260036BB19 /* environment */ = {
			isa = PBXGroup;
			children = (
				5B06DED327CAAA260036BB19 /* background */,
				5B06DEE127CAAA260036BB19 /* cEnvironment.cpp */,
				5B06DEE527CAAA260036BB19 /* cEnvironment.h */,
				5B06DEE027CAAA260036BB19 /* cOutdoor.cpp */,
				5B06DEE427CAAA260036BB19 /* cOutdoor.h */,
				5B06DEE227CAAA260036BB19 /* cWater.cpp */,
				5B06DEE327CAAA260036BB19 /* cWater.h */,
			);
			name = environment;
			path = ../../source/environment;
			sourceTree = "<group>";
		};
		5B06DED327CAAA260036BB19 /* background */ = {
			isa = PBXGroup;
			children = (
				5B06DEDA27CAAA260036BB19 /* 01_cGrassBackground.cpp */,
				5B06DED427CAAA260036BB19 /* 02_cSeaBackground.cpp */,
				5B06DEDD27CAAA260036BB19 /* 03_cDesertBackground.cpp */,
				5B06DED627CAAA260036BB19 /* 04_cSpaceBackground.cpp */,
				5B06DEDE27CAAA260036BB19 /* 05_cVolcanoBackground.cpp */,
				5B06DED827CAAA260036BB19 /* 06_cSnowBackground.cpp */,
				5B06DEDF27CAAA260036BB19 /* 07_cMossBackground.cpp */,
				5B06DED527CAAA260036BB19 /* 08_cDarkBackground.cpp */,
				5B06DEDC27CAAA260036BB19 /* 51_cStomachBackground.cpp */,
				5B06DED927CAAA260036BB19 /* 99_cCloudBackground.cpp */,
				5B06DED727CAAA260036BB19 /* cBackground.cpp */,
				5B06DEDB27CAAA260036BB19 /* cBackground.h */,
			);
			path = background;
			sourceTree = "<group>";
		};
		5B06DEE627CAAA260036BB19 /* game */ = {
			isa = PBXGroup;
			children = (
				5B06DEF327CAAA260036BB19 /* boss */,
				5B06DF0E27CAAA260036BB19 /* mission */,
				5B06DF2E27CAAA260036BB19 /* cBullet.cpp */,
				5B06DEE927CAAA260036BB19 /* cBullet.h */,
				5B06DEEE27CAAA260036BB19 /* cCrash.cpp */,
				5B06DEF127CAAA260036BB19 /* cCrash.h */,
				5B06DF3327CAAA260036BB19 /* cEnemy.cpp */,
				5B06DEEF27CAAA260036BB19 /* cEnemy.h */,
				5B06DF0D27CAAA260036BB19 /* cGame.cpp */,
				5B06DEEC27CAAA260036BB19 /* cGame.h */,
				5B06DEEA27CAAA260036BB19 /* cHelper.cpp */,
				5B06DF2C27CAAA260036BB19 /* cHelper.h */,
				5B06DF3127CAAA260036BB19 /* cItem.cpp */,
				5B06DF3227CAAA260036BB19 /* cItem.h */,
				5B06DEF027CAAA260036BB19 /* cPlayer.cpp */,
				5B06DF3027CAAA260036BB19 /* cPlayer.h */,
				5B06DF2B27CAAA260036BB19 /* cShield.cpp */,
				5B06DF2F27CAAA260036BB19 /* cShield.h */,
				5B06DEF227CAAA260036BB19 /* cShip.cpp */,
				5B06DF2D27CAAA260036BB19 /* cShip.h */,
				5B06DEE727CAAA260036BB19 /* cTable.cpp */,
				5B06DEED27CAAA260036BB19 /* cTable.h */,
				5B06DEEB27CAAA260036BB19 /* cWeapon.cpp */,
				5B06DEE827CAAA260036BB19 /* cWeapon.h */,
			);
			name = game;
			path = ../../source/game;
			sourceTree = "<group>";
		};
		5B06DEF327CAAA260036BB19 /* boss */ = {
			isa = PBXGroup;
			children = (
				5B06DF0727CAAA260036BB19 /* 0101_cDharukBoss.cpp */,
				5B06DEF827CAAA260036BB19 /* 0102_cTorusBoss.cpp */,
				5B06DF0627CAAA260036BB19 /* 0103_cVausBoss.cpp */,
				5B06DF0C27CAAA260036BB19 /* 0201_cNautilusBoss.cpp */,
				5B06DEFA27CAAA260036BB19 /* 0202_cAmemasuBoss.cpp */,
				5B06DF0327CAAA260036BB19 /* 0203_cLeviathanBoss.cpp */,
				5B06DF0827CAAA260036BB19 /* 0301_cUrticaBoss.cpp */,
				5B06DF0427CAAA260036BB19 /* 0302_cTigerBoss.cpp */,
				5B06DEF427CAAA260036BB19 /* 0303_cLuciferBoss.cpp */,
				5B06DF0027CAAA260036BB19 /* 0401_cQuaternionBoss.cpp */,
				5B06DF0127CAAA260036BB19 /* 0402_cSarosBoss.cpp */,
				5B06DF0527CAAA260036BB19 /* 0403_cMessierBoss.cpp */,
				5B06DEF527CAAA260036BB19 /* 0501_cTartarusBoss.cpp */,
				5B06DEFB27CAAA260036BB19 /* 0502_cPhalarisBoss.cpp */,
				5B06DF0227CAAA260036BB19 /* 0503_cCholBoss.cpp */,
				5B06DF0927CAAA260036BB19 /* 0601_cFenrirBoss.cpp */,
				5B06DF0A27CAAA260036BB19 /* 0602_cShelobBoss.cpp */,
				5B06DEFC27CAAA260036BB19 /* 0603_cZerothBoss.cpp */,
				5B06DEFE27CAAA260036BB19 /* 0701_cOrlacBoss.cpp */,
				5B06DF0B27CAAA260036BB19 /* 0702_cGemingaBoss.cpp */,
				5B06DEF627CAAA260036BB19 /* 0703_cNagualBoss.cpp */,
				5B06DEF927CAAA260036BB19 /* 0801_cProjectOneBoss.cpp */,
				5B06DEFD27CAAA260036BB19 /* 0802_cEigengrauBoss.cpp */,
				5B06DEF727CAAA260036BB19 /* cBoss.cpp */,
				5B06DEFF27CAAA260036BB19 /* cBoss.h */,
			);
			path = boss;
			sourceTree = "<group>";
		};
		5B06DF0E27CAAA260036BB19 /* mission */ = {
			isa = PBXGroup;
			children = (
				5B06DF1F27CAAA260036BB19 /* 01_cViridoMission_setup.cpp */,
				5B06DF1E27CAAA260036BB19 /* 01_cViridoMission.cpp */,
				5B06DF1D27CAAA260036BB19 /* 02_cNevoMission_setup.cpp */,
				5B06DF1A27CAAA260036BB19 /* 02_cNevoMission.cpp */,
				5B06DF1227CAAA260036BB19 /* 03_cHarenaMission_setup.cpp */,
				5B06DF1327CAAA260036BB19 /* 03_cHarenaMission.cpp */,
				5B06DF1427CAAA260036BB19 /* 04_cRutilusMission_setup.cpp */,
				5B06DF2427CAAA260036BB19 /* 04_cRutilusMission.cpp */,
				5B06DF2227CAAA260036BB19 /* 05_cGeluMission_setup.cpp */,
				5B06DF1727CAAA260036BB19 /* 05_cGeluMission.cpp */,
				5B06DF2027CAAA260036BB19 /* 06_cCalorMission_setup.cpp */,
				5B06DF1827CAAA260036BB19 /* 06_cCalorMission.cpp */,
				5B06DF1027CAAA260036BB19 /* 07_cMuscusMission_setup.cpp */,
				5B06DF1627CAAA260036BB19 /* 07_cMuscusMission.cpp */,
				5B06DF2A27CAAA260036BB19 /* 08_cAterMission_setup.cpp */,
				5B06DF2827CAAA260036BB19 /* 08_cAterMission.cpp */,
				5B06DF1B27CAAA260036BB19 /* 99_cIntroMission_setup.cpp */,
				5B06DF1C27CAAA260036BB19 /* 99_cIntroMission.cpp */,
				5B06DF2627CAAA260036BB19 /* A1_cBonus1Mission_setup.cpp */,
				5B06DF0F27CAAA260036BB19 /* A1_cBonus1Mission.cpp */,
				5B06DF2127CAAA260036BB19 /* A2_cBonus2Mission_setup.cpp */,
				5B06DF2727CAAA260036BB19 /* A2_cBonus2Mission.cpp */,
				5B06DF1927CAAA260036BB19 /* B1_cErrorMission_setup.cpp */,
				5B06DF2327CAAA260036BB19 /* B1_cErrorMission.cpp */,
				5B06DF1527CAAA260036BB19 /* B2_cDemoMission_setup.cpp */,
				5B06DF1127CAAA260036BB19 /* B2_cDemoMission.cpp */,
				5B06DF2927CAAA260036BB19 /* cMission.cpp */,
				5B06DF2527CAAA260036BB19 /* cMission.h */,
			);
			path = mission;
			sourceTree = "<group>";
		};
		5B06DF3427CAAA260036BB19 /* file */ = {
			isa = PBXGroup;
			children = (
				5B06DF3927CAAA260036BB19 /* cConfig.cpp */,
				5B06DF3827CAAA260036BB19 /* cConfig.h */,
				5B06DF3727CAAA260036BB19 /* cReplay.cpp */,
				5B06DF3527CAAA260036BB19 /* cReplay.h */,
				5B06DF3627CAAA260036BB19 /* cSave.cpp */,
				5B06DF3A27CAAA260036BB19 /* cSave.h */,
			);
			name = file;
			path = ../../source/file;
			sourceTree = "<group>";
		};
		5B06DFB727CAB3320036BB19 /* Frameworks */ = {
			isa = PBXGroup;
			children = (
				5B5B7C8127D2A146003FD836 /* libogg.dylib */,
				5B5B7C7E27D2A145003FD836 /* libvorbisfile.dylib */,
				5B5B7C7F27D2A146003FD836 /* libopenal.dylib */,
				5B5B7C7B27D2A145003FD836 /* libvorbis.dylib */,
				5B5B7C7C27D2A145003FD836 /* libzstd.dylib */,
				5B5B7C7A27D2A145003FD836 /* SDL2_image.framework */,
				5B5B7C7D27D2A145003FD836 /* SDL2_ttf.framework */,
				5B5B7C8027D2A146003FD836 /* SDL2.framework */,
				5B06DFCA27CAB5C30036BB19 /* OpenGL.framework */,
				5B06DFB827CAB3320036BB19 /* libCoreEngine.a */,
			);
			name = Frameworks;
			sourceTree = "<group>";
		};
		5B42D8E727D3A01F0075F2A6 /* configuration */ = {
			isa = PBXGroup;
			children = (
				5B42D8E827D3A01F0075F2A6 /* Assets.xcassets */,
				5B42D8E927D3A01F0075F2A6 /* Entitlements.entitlements */,
			);
			path = configuration;
			sourceTree = "<group>";
		};
/* End PBXGroup section */

/* Begin PBXNativeTarget section */
		5B06DE7527CAA48E0036BB19 /* ProjectOne */ = {
			isa = PBXNativeTarget;
			buildConfigurationList = 5B06DE8627CAA48F0036BB19 /* Build configuration list for PBXNativeTarget "ProjectOne" */;
			buildPhases = (
				5B06DE7227CAA48E0036BB19 /* Sources */,
				5B06DE7327CAA48E0036BB19 /* Frameworks */,
				5B06DE7427CAA48E0036BB19 /* Resources */,
				5B5B7C9227D2A146003FD836 /* Embed Frameworks */,
			);
			buildRules = (
			);
			dependencies = (
			);
			name = ProjectOne;
			productName = ProjectOne;
			productReference = 5B06DE7627CAA48E0036BB19 /* Eigengrau.app */;
			productType = "com.apple.product-type.application";
		};
/* End PBXNativeTarget section */

/* Begin PBXProject section */
		5B06DE6E27CAA48E0036BB19 /* Project object */ = {
			isa = PBXProject;
			attributes = {
				BuildIndependentTargetsInParallel = 1;
				LastUpgradeCheck = 1320;
				TargetAttributes = {
					5B06DE7527CAA48E0036BB19 = {
						CreatedOnToolsVersion = 13.2.1;
					};
				};
			};
			buildConfigurationList = 5B06DE7127CAA48E0036BB19 /* Build configuration list for PBXProject "ProjectOne" */;
			compatibilityVersion = "Xcode 13.0";
			developmentRegion = en;
			hasScannedForEncodings = 0;
			knownRegions = (
				en,
				Base,
			);
			mainGroup = 5B06DE6D27CAA48E0036BB19;
			productRefGroup = 5B06DE7727CAA48E0036BB19 /* Products */;
			projectDirPath = "";
			projectRoot = "";
			targets = (
				5B06DE7527CAA48E0036BB19 /* ProjectOne */,
			);
		};
/* End PBXProject section */

/* Begin PBXResourcesBuildPhase section */
		5B06DE7427CAA48E0036BB19 /* Resources */ = {
			isa = PBXResourcesBuildPhase;
			buildActionMask = 2147483647;
			files = (
				5B42D8EA27D3A01F0075F2A6 /* Assets.xcassets in Resources */,
				5B5B801F27D2A4BA003FD836 /* data in Resources */,
			);
			runOnlyForDeploymentPostprocessing = 0;
		};
/* End PBXResourcesBuildPhase section */

/* Begin PBXSourcesBuildPhase section */
		5B06DE7227CAA48E0036BB19 /* Sources */ = {
			isa = PBXSourcesBuildPhase;
			buildActionMask = 2147483647;
			files = (
				5B06DFAB27CAAA260036BB19 /* cBullet.cpp in Sources */,
				5B06DF3E27CAAA260036BB19 /* cOutline.cpp in Sources */,
				5B06DF4C27CAAA260036BB19 /* cMsgBox.cpp in Sources */,
				5B06DF7927CAAA260036BB19 /* cBoss.cpp in Sources */,
				5B06DF4527CAAA260036BB19 /* cDistortion.cpp in Sources */,
				5B06DFD127CAB68A0036BB19 /* 99_cIntroMission_setup.cpp in Sources */,
				5B06DF7027CAAA260036BB19 /* cTable.cpp in Sources */,
				5B06DF6127CAAA260036BB19 /* application.cpp in Sources */,
				5B06DF5127CAAA260036BB19 /* cCombatText.cpp in Sources */,
				5B06DFB027CAAA260036BB19 /* cConfig.cpp in Sources */,
				5B06DF3C27CAAA260036BB19 /* cGlow.cpp in Sources */,
				5B06DF4027CAAA260036BB19 /* cHeadlight.cpp in Sources */,
				5B06DF6E27CAAA260036BB19 /* cEnvironment.cpp in Sources */,
				5B06DF4727CAAA260036BB19 /* cPostProcessing.cpp in Sources */,
				5B06DF7227CAAA260036BB19 /* cWeapon.cpp in Sources */,
				5B06DF6F27CAAA260036BB19 /* cWater.cpp in Sources */,
				5B06DF4127CAAA260036BB19 /* cTurf.cpp in Sources */,
				5B06DF5027CAAA260036BB19 /* cTooltip.cpp in Sources */,
				5B06DF4A27CAAA260036BB19 /* cMenuNavigator.cpp in Sources */,
				5B06DF8E27CAAA260036BB19 /* cGame.cpp in Sources */,
				5B06DFD727CAB6A80036BB19 /* A1_cBonus1Mission_setup.cpp in Sources */,
				5B06DF4827CAAA260036BB19 /* cSpecialEffects.cpp in Sources */,
				5B06DFAC27CAAA260036BB19 /* cItem.cpp in Sources */,
				5B06DF6527CAAA260036BB19 /* cBackground.cpp in Sources */,
				5B06DFAF27CAAA260036BB19 /* cReplay.cpp in Sources */,
				5B06DFAE27CAAA260036BB19 /* cSave.cpp in Sources */,
				5B06DFD427CAB68A0036BB19 /* B2_cDemoMission_setup.cpp in Sources */,
				5B06DF6027CAAA260036BB19 /* cWorldMap.cpp in Sources */,
				5B06DFCE27CAB68A0036BB19 /* 05_cGeluMission_setup.cpp in Sources */,
				5B06DFD027CAB68A0036BB19 /* 07_cMuscusMission_setup.cpp in Sources */,
				5B06DFAA27CAAA260036BB19 /* cShield.cpp in Sources */,
				5B06DF6D27CAAA260036BB19 /* cOutdoor.cpp in Sources */,
				5B06DF3D27CAAA260036BB19 /* cSnow.cpp in Sources */,
				5B06DF7527CAAA260036BB19 /* cShip.cpp in Sources */,
				5B06DF7127CAAA260036BB19 /* cHelper.cpp in Sources */,
				5B06DF4927CAAA260036BB19 /* main.cpp in Sources */,
				5B06DF7427CAAA260036BB19 /* cPlayer.cpp in Sources */,
				5B06DF4627CAAA260036BB19 /* cForeground.cpp in Sources */,
				5B06DF4D27CAAA260036BB19 /* cArcadeInput.cpp in Sources */,
				5B06DFD227CAB68A0036BB19 /* 06_cCalorMission_setup.cpp in Sources */,
				5B06DF4427CAAA260036BB19 /* cShadow.cpp in Sources */,
				5B06DFCF27CAB68A0036BB19 /* 01_cViridoMission_setup.cpp in Sources */,
				5B06DF5C27CAAA260036BB19 /* cMenu.cpp in Sources */,
				5B06DFCC27CAB68A0036BB19 /* 02_cNevoMission_setup.cpp in Sources */,
				5B06DF4F27CAAA260036BB19 /* cCreditRoll.cpp in Sources */,
				5B06DFD627CAB68A0036BB19 /* 03_cHarenaMission_setup.cpp in Sources */,
				5B06DFD527CAB68A0036BB19 /* A2_cBonus2Mission_setup.cpp in Sources */,
				5B06DF4227CAAA260036BB19 /* cWindscreen.cpp in Sources */,
				5B06DFA827CAAA260036BB19 /* cMission.cpp in Sources */,
				5B06DFAD27CAAA260036BB19 /* cEnemy.cpp in Sources */,
				5B06DF4E27CAAA260036BB19 /* cInterface.cpp in Sources */,
				5B06DF3F27CAAA260036BB19 /* cInk.cpp in Sources */,
				5B06DFD827CAB6AA0036BB19 /* 08_cAterMission_setup.cpp in Sources */,
				5B06DF7327CAAA260036BB19 /* cCrash.cpp in Sources */,
				5B06DFD327CAB68A0036BB19 /* 04_cRutilusMission_setup.cpp in Sources */,
				5B06DFCD27CAB68A0036BB19 /* B1_cErrorMission_setup.cpp in Sources */,
				5B06DF4327CAAA260036BB19 /* cWorm.cpp in Sources */,
				5B06DF3B27CAAA260036BB19 /* cBlur.cpp in Sources */,
				5B06DF4B27CAAA260036BB19 /* cScrollBox.cpp in Sources */,
			);
			runOnlyForDeploymentPostprocessing = 0;
		};
/* End PBXSourcesBuildPhase section */

/* Begin XCBuildConfiguration section */
		5B06DE8427CAA48F0036BB19 /* Debug */ = {
			isa = XCBuildConfiguration;
			buildSettings = {
				ALWAYS_SEARCH_USER_PATHS = NO;
				ASSETCATALOG_COMPILER_APPICON_NAME = AppIcon;
				ASSETCATALOG_COMPILER_GLOBAL_ACCENT_COLOR_NAME = AccentColor;
				CLANG_CXX_LANGUAGE_STANDARD = "c++20";
				CLANG_CXX_LIBRARY = "libc++";
				CLANG_WARN_BLOCK_CAPTURE_AUTORELEASING = YES;
				CLANG_WARN_COMMA = YES;
				CLANG_WARN_EMPTY_BODY = YES;
				CLANG_WARN_INFINITE_RECURSION = YES;
				CLANG_WARN_QUOTED_INCLUDE_IN_FRAMEWORK_HEADER = YES;
				CLANG_WARN_RANGE_LOOP_ANALYSIS = YES;
				CLANG_WARN_STRICT_PROTOTYPES = YES;
				CLANG_WARN_SUSPICIOUS_MOVE = YES;
				CLANG_WARN_UNGUARDED_AVAILABILITY = YES_AGGRESSIVE;
				CLANG_X86_VECTOR_INSTRUCTIONS = sse3;
				CODE_SIGN_ENTITLEMENTS = configuration/Entitlements.entitlements;
				CODE_SIGN_IDENTITY = "Apple Development";
				COPY_PHASE_STRIP = NO;
				CURRENT_PROJECT_VERSION = default;
				DEBUG_INFORMATION_FORMAT = dwarf;
				DEVELOPMENT_TEAM = 8GQ7BP7X6B;
				ENABLE_HARDENED_RUNTIME = YES;
				FRAMEWORK_SEARCH_PATHS = ../../../CoreEngine/libraries/bin/macos;
				GCC_C_LANGUAGE_STANDARD = c11;
				GCC_NO_COMMON_BLOCKS = YES;
				GCC_OPTIMIZATION_LEVEL = 0;
				GCC_PREPROCESSOR_DEFINITIONS = (
					"DEBUG=1",
					"$(inherited)",
				);
				GCC_SYMBOLS_PRIVATE_EXTERN = YES;
				GCC_WARN_ABOUT_RETURN_TYPE = YES_ERROR;
				GCC_WARN_PEDANTIC = YES;
				GCC_WARN_UNINITIALIZED_AUTOS = YES_AGGRESSIVE;
				GCC_WARN_UNUSED_FUNCTION = YES;
				GCC_WARN_UNUSED_VARIABLE = YES;
				GENERATE_INFOPLIST_FILE = YES;
				GENERATE_PKGINFO_FILE = NO;
				HEADER_SEARCH_PATHS = (
					../../../CoreEngine/libraries/include,
					../../../CoreEngine/source,
				);
				INFOPLIST_KEY_LSApplicationCategoryType = "public.app-category.games";
				INFOPLIST_KEY_NSHumanReadableCopyright = "Copyright (c) 2010 Martin Mauersics";
				LD_RUNPATH_SEARCH_PATHS = "@executable_path/../Frameworks";
				LIBRARY_SEARCH_PATHS = ../../../CoreEngine/libraries/bin/macos;
				MACOSX_DEPLOYMENT_TARGET = 10.9;
				MARKETING_VERSION = 0.1.0;
				ONLY_ACTIVE_ARCH = YES;
				OTHER_CPLUSPLUSFLAGS = (
					"$(OTHER_CFLAGS)",
					"-mf16c",
				);
				OTHER_LDFLAGS = (
					"-framework",
					SDL2,
					"-framework",
					SDL2_ttf,
					"-framework",
					SDL2_image,
					"-framework",
					Foundation,
					"-framework",
					AppKit,
					"-framework",
					OpenGL,
				);
				PRODUCT_BUNDLE_IDENTIFIER = MausGames.ProjectOne;
				PRODUCT_NAME = Eigengrau;
				SDKROOT = macosx;
				STRINGS_FILE_OUTPUT_ENCODING = "UTF-8";
			};
			name = Debug;
		};
		5B06DE8527CAA48F0036BB19 /* Release */ = {
			isa = XCBuildConfiguration;
			buildSettings = {
				ALWAYS_SEARCH_USER_PATHS = NO;
				ASSETCATALOG_COMPILER_APPICON_NAME = AppIcon;
				ASSETCATALOG_COMPILER_GLOBAL_ACCENT_COLOR_NAME = AccentColor;
				CLANG_CXX_LANGUAGE_STANDARD = "c++20";
				CLANG_CXX_LIBRARY = "libc++";
				CLANG_WARN_BLOCK_CAPTURE_AUTORELEASING = YES;
				CLANG_WARN_COMMA = YES;
				CLANG_WARN_EMPTY_BODY = YES;
				CLANG_WARN_INFINITE_RECURSION = YES;
				CLANG_WARN_QUOTED_INCLUDE_IN_FRAMEWORK_HEADER = YES;
				CLANG_WARN_RANGE_LOOP_ANALYSIS = YES;
				CLANG_WARN_STRICT_PROTOTYPES = YES;
				CLANG_WARN_SUSPICIOUS_MOVE = YES;
				CLANG_WARN_UNGUARDED_AVAILABILITY = YES_AGGRESSIVE;
				CLANG_X86_VECTOR_INSTRUCTIONS = sse3;
				CODE_SIGN_ENTITLEMENTS = configuration/Entitlements.entitlements;
				CODE_SIGN_IDENTITY = "Apple Development";
				CURRENT_PROJECT_VERSION = default;
				DEAD_CODE_STRIPPING = YES;
				DEBUG_INFORMATION_FORMAT = "dwarf-with-dsym";
				DEVELOPMENT_TEAM = 8GQ7BP7X6B;
				ENABLE_HARDENED_RUNTIME = YES;
				FRAMEWORK_SEARCH_PATHS = ../../../CoreEngine/libraries/bin/macos;
				GCC_C_LANGUAGE_STANDARD = c11;
				GCC_ENABLE_CPP_EXCEPTIONS = NO;
				GCC_ENABLE_CPP_RTTI = NO;
				GCC_NO_COMMON_BLOCKS = YES;
				GCC_OPTIMIZATION_LEVEL = s;
				GCC_SYMBOLS_PRIVATE_EXTERN = YES;
				GCC_WARN_ABOUT_RETURN_TYPE = YES_ERROR;
				GCC_WARN_PEDANTIC = YES;
				GCC_WARN_UNINITIALIZED_AUTOS = YES_AGGRESSIVE;
				GCC_WARN_UNUSED_FUNCTION = YES;
				GCC_WARN_UNUSED_VARIABLE = YES;
				GENERATE_INFOPLIST_FILE = YES;
				GENERATE_PKGINFO_FILE = NO;
				HEADER_SEARCH_PATHS = (
					../../../CoreEngine/libraries/include,
					../../../CoreEngine/source,
				);
				INFOPLIST_KEY_LSApplicationCategoryType = "public.app-category.games";
				INFOPLIST_KEY_NSHumanReadableCopyright = "Copyright (c) 2010 Martin Mauersics";
				LD_RUNPATH_SEARCH_PATHS = "@executable_path/../Frameworks";
				LIBRARY_SEARCH_PATHS = ../../../CoreEngine/libraries/bin/macos;
				LLVM_LTO = YES;
				MACOSX_DEPLOYMENT_TARGET = 10.9;
				MARKETING_VERSION = 0.1.0;
				OTHER_CPLUSPLUSFLAGS = (
					"$(OTHER_CFLAGS)",
					"-mf16c",
				);
				OTHER_LDFLAGS = (
					"-framework",
					SDL2,
					"-framework",
					SDL2_ttf,
					"-framework",
					SDL2_image,
					"-framework",
					Foundation,
					"-framework",
					AppKit,
					"-framework",
					OpenGL,
				);
				PRODUCT_BUNDLE_IDENTIFIER = MausGames.ProjectOne;
				PRODUCT_NAME = Eigengrau;
				SDKROOT = macosx;
				STRINGS_FILE_OUTPUT_ENCODING = "UTF-8";
			};
			name = Release;
		};
		5B06DE8727CAA48F0036BB19 /* Debug */ = {
			isa = XCBuildConfiguration;
			buildSettings = {
			};
			name = Debug;
		};
		5B06DE8827CAA48F0036BB19 /* Release */ = {
			isa = XCBuildConfiguration;
			buildSettings = {
			};
			name = Release;
		};
/* End XCBuildConfiguration section */

/* Begin XCConfigurationList section */
		5B06DE7127CAA48E0036BB19 /* Build configuration list for PBXProject "ProjectOne" */ = {
			isa = XCConfigurationList;
			buildConfigurations = (
				5B06DE8427CAA48F0036BB19 /* Debug */,
				5B06DE8527CAA48F0036BB19 /* Release */,
			);
			defaultConfigurationIsVisible = 0;
			defaultConfigurationName = Release;
		};
		5B06DE8627CAA48F0036BB19 /* Build configuration list for PBXNativeTarget "ProjectOne" */ = {
			isa = XCConfigurationList;
			buildConfigurations = (
				5B06DE8727CAA48F0036BB19 /* Debug */,
				5B06DE8827CAA48F0036BB19 /* Release */,
			);
			defaultConfigurationIsVisible = 0;
			defaultConfigurationName = Release;
		};
/* End XCConfigurationList section */
	};
	rootObject = 5B06DE6E27CAA48E0036BB19 /* Project object */;
}
