<?xml version="1.0" encoding="utf-8"?>
<Project ToolsVersion="4.0" xmlns="http://schemas.microsoft.com/developer/msbuild/2003">
  <ItemGroup>
    <ClCompile Include="..\..\..\source\application.cpp" />
    <ClCompile Include="..\..\..\source\main.cpp" />
    <ClCompile Include="..\..\..\source\environment\cEnvironment.cpp">
      <Filter>environment</Filter>
    </ClCompile>
    <ClCompile Include="..\..\..\source\environment\cOutdoor.cpp">
      <Filter>environment</Filter>
    </ClCompile>
    <ClCompile Include="..\..\..\source\environment\cWater.cpp">
      <Filter>environment</Filter>
    </ClCompile>
    <ClCompile Include="..\..\..\source\game\cPlayer.cpp">
      <Filter>game</Filter>
    </ClCompile>
    <ClCompile Include="..\..\..\source\game\cGame.cpp">
      <Filter>game</Filter>
    </ClCompile>
    <ClCompile Include="..\..\..\source\game\cBullet.cpp">
      <Filter>game</Filter>
    </ClCompile>
    <ClCompile Include="..\..\..\source\game\cWeapon.cpp">
      <Filter>game</Filter>
    </ClCompile>
    <ClCompile Include="..\..\..\source\game\cEnemy.cpp">
      <Filter>game</Filter>
    </ClCompile>
    <ClCompile Include="..\..\..\source\game\cShip.cpp">
      <Filter>game</Filter>
    </ClCompile>
    <ClCompile Include="..\..\..\source\game\boss\cBoss.cpp">
      <Filter>game\boss</Filter>
    </ClCompile>
    <ClCompile Include="..\..\..\source\game\mission\cMission.cpp">
      <Filter>game\mission</Filter>
    </ClCompile>
    <ClCompile Include="..\..\..\source\visual\cForeground.cpp">
      <Filter>visual</Filter>
    </ClCompile>
    <ClCompile Include="..\..\..\source\visual\cGlow.cpp">
      <Filter>visual</Filter>
    </ClCompile>
    <ClCompile Include="..\..\..\source\visual\cOutline.cpp">
      <Filter>visual</Filter>
    </ClCompile>
    <ClCompile Include="..\..\..\source\visual\cPostProcessing.cpp">
      <Filter>visual</Filter>
    </ClCompile>
    <ClCompile Include="..\..\..\source\visual\cShadow.cpp">
      <Filter>visual</Filter>
    </ClCompile>
    <ClCompile Include="..\..\..\source\visual\cSpecialEffects.cpp">
      <Filter>visual</Filter>
    </ClCompile>
    <ClCompile Include="..\..\..\source\file\cConfig.cpp">
      <Filter>file</Filter>
    </ClCompile>
    <ClCompile Include="..\..\..\source\file\cSave.cpp">
      <Filter>file</Filter>
    </ClCompile>
    <ClCompile Include="..\..\..\source\interface\cCombatText.cpp">
      <Filter>interface</Filter>
    </ClCompile>
    <ClCompile Include="..\..\..\source\interface\cInterface.cpp">
      <Filter>interface</Filter>
    </ClCompile>
    <ClCompile Include="..\..\..\source\interface\menu\cMenu.cpp">
      <Filter>interface\menu</Filter>
    </ClCompile>
    <ClCompile Include="..\..\..\source\interface\cTooltip.cpp">
      <Filter>interface</Filter>
    </ClCompile>
    <ClCompile Include="..\..\..\source\interface\cMsgBox.cpp">
      <Filter>interface</Filter>
    </ClCompile>
    <ClCompile Include="..\..\..\source\interface\menu\02_cMainMenu.cpp">
      <Filter>interface\menu</Filter>
    </ClCompile>
    <ClCompile Include="..\..\..\source\interface\menu\01_cIntroMenu.cpp">
      <Filter>interface\menu</Filter>
    </ClCompile>
    <ClCompile Include="..\..\..\source\visual\cDistortion.cpp">
      <Filter>visual</Filter>
    </ClCompile>
    <ClCompile Include="..\..\..\source\game\mission\01_cViridoMission.cpp">
      <Filter>game\mission</Filter>
    </ClCompile>
    <ClCompile Include="..\..\..\source\environment\background\01_cGrassBackground.cpp">
      <Filter>environment\background</Filter>
    </ClCompile>
    <ClCompile Include="..\..\..\source\environment\background\cBackground.cpp">
      <Filter>environment\background</Filter>
    </ClCompile>
    <ClCompile Include="..\..\..\source\environment\background\02_cSeaBackground.cpp">
      <Filter>environment\background</Filter>
    </ClCompile>
    <ClCompile Include="..\..\..\source\game\boss\0102_cTorusBoss.cpp">
      <Filter>game\boss</Filter>
    </ClCompile>
    <ClCompile Include="..\..\..\source\game\boss\0103_cVausBoss.cpp">
      <Filter>game\boss</Filter>
    </ClCompile>
    <ClCompile Include="..\..\..\source\interface\cCombatStats.cpp">
      <Filter>interface</Filter>
    </ClCompile>
    <ClCompile Include="..\..\..\source\interface\menu\03_cGameMenu.cpp">
      <Filter>interface\menu</Filter>
    </ClCompile>
    <ClCompile Include="..\..\..\source\interface\menu\04_cConfigMenu.cpp">
      <Filter>interface\menu</Filter>
    </ClCompile>
    <ClCompile Include="..\..\..\source\interface\menu\05_cExtraMenu.cpp">
      <Filter>interface\menu</Filter>
    </ClCompile>
    <ClCompile Include="..\..\..\source\visual\cBlur.cpp">
      <Filter>visual</Filter>
    </ClCompile>
    <ClCompile Include="..\..\..\source\environment\background\03_cDesertBackground.cpp">
      <Filter>environment\background</Filter>
    </ClCompile>
    <ClCompile Include="..\..\..\source\environment\background\04_cSpaceBackground.cpp">
      <Filter>environment\background</Filter>
    </ClCompile>
    <ClCompile Include="..\..\..\source\environment\background\05_cVolcanoBackground.cpp">
      <Filter>environment\background</Filter>
    </ClCompile>
    <ClCompile Include="..\..\..\source\environment\background\06_cSnowBackground.cpp">
      <Filter>environment\background</Filter>
    </ClCompile>
    <ClCompile Include="..\..\..\source\environment\background\07_cMossBackground.cpp">
      <Filter>environment\background</Filter>
    </ClCompile>
    <ClCompile Include="..\..\..\source\interface\menu\06_cPauseMenu.cpp">
      <Filter>interface\menu</Filter>
    </ClCompile>
    <ClCompile Include="..\..\..\source\game\cTheater.cpp">
      <Filter>game</Filter>
    </ClCompile>
    <ClCompile Include="..\..\..\source\environment\background\99_cCloudBackground.cpp">
      <Filter>environment\background</Filter>
    </ClCompile>
    <ClCompile Include="..\..\..\source\game\mission\99_cIntroMission.cpp">
      <Filter>game\mission</Filter>
    </ClCompile>
    <ClCompile Include="..\..\..\source\game\boss\9901_cProjectOneBoss.cpp">
      <Filter>game\boss</Filter>
    </ClCompile>
    <ClCompile Include="..\..\..\source\game\cShield.cpp">
      <Filter>game</Filter>
    </ClCompile>
    <ClCompile Include="..\..\..\source\environment\background\08_cDarkBackground.cpp">
      <Filter>environment\background</Filter>
    </ClCompile>
    <ClCompile Include="..\..\..\source\game\mission\02_cNevoMission.cpp">
      <Filter>game\mission</Filter>
    </ClCompile>
    <ClCompile Include="..\..\..\source\game\mission\03_cHarenaMission.cpp">
      <Filter>game\mission</Filter>
    </ClCompile>
    <ClCompile Include="..\..\..\source\game\mission\04_cRutilusMission.cpp">
      <Filter>game\mission</Filter>
    </ClCompile>
    <ClCompile Include="..\..\..\source\game\mission\05_cGeluMission.cpp">
      <Filter>game\mission</Filter>
    </ClCompile>
    <ClCompile Include="..\..\..\source\game\mission\06_cCalorMission.cpp">
      <Filter>game\mission</Filter>
    </ClCompile>
    <ClCompile Include="..\..\..\source\game\mission\07_cMuscusMission.cpp">
      <Filter>game\mission</Filter>
    </ClCompile>
    <ClCompile Include="..\..\..\source\game\mission\08_cAterMission.cpp">
      <Filter>game\mission</Filter>
    </ClCompile>
    <ClCompile Include="..\..\..\source\game\boss\0203_cLeviathanBoss.cpp">
      <Filter>game\boss</Filter>
    </ClCompile>
    <ClCompile Include="..\..\..\source\game\boss\0302_cTigerBoss.cpp">
      <Filter>game\boss</Filter>
    </ClCompile>
    <ClCompile Include="..\..\..\source\game\boss\0503_cCholBoss.cpp">
      <Filter>game\boss</Filter>
    </ClCompile>
    <ClCompile Include="..\..\..\source\game\boss\0602_cShelobBoss.cpp">
      <Filter>game\boss</Filter>
    </ClCompile>
    <ClCompile Include="..\..\..\source\game\boss\0502_cPhalarisBoss.cpp">
      <Filter>game\boss</Filter>
    </ClCompile>
    <ClCompile Include="..\..\..\source\file\cReplay.cpp">
      <Filter>file</Filter>
    </ClCompile>
    <ClCompile Include="..\..\..\source\game\boss\0501_cTartarusBoss.cpp">
      <Filter>game\boss</Filter>
    </ClCompile>
    <ClCompile Include="..\..\..\source\game\boss\0601_cFenrirBoss.cpp">
      <Filter>game\boss</Filter>
    </ClCompile>
    <ClCompile Include="..\..\..\source\game\boss\0403_cMessierBoss.cpp">
      <Filter>game\boss</Filter>
    </ClCompile>
    <ClCompile Include="..\..\..\source\game\boss\0402_cSarosBoss.cpp">
      <Filter>game\boss</Filter>
    </ClCompile>
    <ClCompile Include="..\..\..\source\game\boss\0401_cQuaternionBoss.cpp">
      <Filter>game\boss</Filter>
    </ClCompile>
    <ClCompile Include="..\..\..\source\game\boss\0101_cDharukBoss.cpp">
      <Filter>game\boss</Filter>
    </ClCompile>
    <ClCompile Include="..\..\..\source\game\boss\0201_cNautilusBoss.cpp">
      <Filter>game\boss</Filter>
    </ClCompile>
    <ClCompile Include="..\..\..\source\game\boss\0202_cAmemasuBoss.cpp">
      <Filter>game\boss</Filter>
    </ClCompile>
    <ClCompile Include="..\..\..\source\game\boss\0301_cUrticaBoss.cpp">
      <Filter>game\boss</Filter>
    </ClCompile>
    <ClCompile Include="..\..\..\source\game\boss\0303_cLuciferBoss.cpp">
      <Filter>game\boss</Filter>
    </ClCompile>
    <ClCompile Include="..\..\..\source\game\boss\0603_cZerothBoss.cpp">
      <Filter>game\boss</Filter>
    </ClCompile>
    <ClCompile Include="..\..\..\source\game\boss\0701_cOrlacBoss.cpp">
      <Filter>game\boss</Filter>
    </ClCompile>
    <ClCompile Include="..\..\..\source\game\boss\0702_cGemingaBoss.cpp">
      <Filter>game\boss</Filter>
    </ClCompile>
    <ClCompile Include="..\..\..\source\game\boss\0703_cNagualBoss.cpp">
      <Filter>game\boss</Filter>
    </ClCompile>
    <ClCompile Include="..\..\..\source\interface\menu\08_cReplayMenu.cpp">
      <Filter>interface\menu</Filter>
    </ClCompile>
    <ClCompile Include="..\..\..\source\interface\menu\07_cScoreMenu.cpp">
      <Filter>interface\menu</Filter>
    </ClCompile>
  </ItemGroup>
  <ItemGroup>
    <ClInclude Include="..\..\..\source\main.h" />
    <ClInclude Include="..\..\..\source\environment\cEnvironment.h">
      <Filter>environment</Filter>
    </ClInclude>
    <ClInclude Include="..\..\..\source\environment\cOutdoor.h">
      <Filter>environment</Filter>
    </ClInclude>
    <ClInclude Include="..\..\..\source\environment\cWater.h">
      <Filter>environment</Filter>
    </ClInclude>
    <ClInclude Include="..\..\..\source\game\cPlayer.h">
      <Filter>game</Filter>
    </ClInclude>
    <ClInclude Include="..\..\..\source\game\cGame.h">
      <Filter>game</Filter>
    </ClInclude>
    <ClInclude Include="..\..\..\source\game\cBullet.h">
      <Filter>game</Filter>
    </ClInclude>
    <ClInclude Include="..\..\..\source\game\cWeapon.h">
      <Filter>game</Filter>
    </ClInclude>
    <ClInclude Include="..\..\..\source\game\cEnemy.h">
      <Filter>game</Filter>
    </ClInclude>
    <ClInclude Include="..\..\..\source\game\cShip.h">
      <Filter>game</Filter>
    </ClInclude>
    <ClInclude Include="..\..\..\source\additional\cBindContainer.h">
      <Filter>additional</Filter>
    </ClInclude>
    <ClInclude Include="..\..\..\source\game\boss\cBoss.h">
      <Filter>game\boss</Filter>
    </ClInclude>
    <ClInclude Include="..\..\..\source\game\mission\cMission.h">
      <Filter>game\mission</Filter>
    </ClInclude>
    <ClInclude Include="..\..\..\source\visual\cForeground.h">
      <Filter>visual</Filter>
    </ClInclude>
    <ClInclude Include="..\..\..\source\visual\cGlow.h">
      <Filter>visual</Filter>
    </ClInclude>
    <ClInclude Include="..\..\..\source\visual\cOutline.h">
      <Filter>visual</Filter>
    </ClInclude>
    <ClInclude Include="..\..\..\source\visual\cPostProcessing.h">
      <Filter>visual</Filter>
    </ClInclude>
    <ClInclude Include="..\..\..\source\visual\cShadow.h">
      <Filter>visual</Filter>
    </ClInclude>
    <ClInclude Include="..\..\..\source\visual\cSpecialEffects.h">
      <Filter>visual</Filter>
    </ClInclude>
    <ClInclude Include="..\..\..\source\file\cConfig.h">
      <Filter>file</Filter>
    </ClInclude>
    <ClInclude Include="..\..\..\source\file\cSave.h">
      <Filter>file</Filter>
    </ClInclude>
    <ClInclude Include="..\..\..\source\interface\cCombatText.h">
      <Filter>interface</Filter>
    </ClInclude>
    <ClInclude Include="..\..\..\source\interface\cInterface.h">
      <Filter>interface</Filter>
    </ClInclude>
    <ClInclude Include="..\..\..\source\interface\menu\cMenu.h">
      <Filter>interface\menu</Filter>
    </ClInclude>
    <ClInclude Include="..\..\..\source\interface\cTooltip.h">
      <Filter>interface</Filter>
    </ClInclude>
    <ClInclude Include="..\..\..\source\interface\cMsgBox.h">
      <Filter>interface</Filter>
    </ClInclude>
    <ClInclude Include="..\..\..\source\visual\cDistortion.h">
      <Filter>visual</Filter>
    </ClInclude>
    <ClInclude Include="..\..\..\source\environment\background\cBackground.h">
      <Filter>environment\background</Filter>
    </ClInclude>
    <ClInclude Include="..\..\..\source\interface\cCombatStats.h">
      <Filter>interface</Filter>
    </ClInclude>
    <ClInclude Include="..\..\..\source\visual\cBlur.h">
      <Filter>visual</Filter>
    </ClInclude>
    <ClInclude Include="..\..\..\source\game\cTheater.h">
      <Filter>game</Filter>
    </ClInclude>
    <ClInclude Include="..\..\..\source\game\cShield.h">
      <Filter>game</Filter>
    </ClInclude>
    <ClInclude Include="..\..\..\source\file\cReplay.h">
      <Filter>file</Filter>
    </ClInclude>
    <ClInclude Include="..\..\..\source\file\cValidate.h">
      <Filter>file</Filter>
    </ClInclude>
  </ItemGroup>
  <ItemGroup>
    <Filter Include="environment">
      <UniqueIdentifier>{11f29e90-da30-4728-9181-57b2d076d495}</UniqueIdentifier>
    </Filter>
    <Filter Include="game">
      <UniqueIdentifier>{f3437c2b-9f83-4a31-9e05-db08c171e2cc}</UniqueIdentifier>
    </Filter>
    <Filter Include="additional">
      <UniqueIdentifier>{b5236847-0adc-43fb-b72c-e45beb3466cf}</UniqueIdentifier>
    </Filter>
    <Filter Include="game\boss">
      <UniqueIdentifier>{0f555031-364b-4f70-98c6-10d175c08678}</UniqueIdentifier>
    </Filter>
    <Filter Include="game\mission">
      <UniqueIdentifier>{bbaef394-ffd4-4718-938d-ba4f4ce1a617}</UniqueIdentifier>
    </Filter>
    <Filter Include="file">
      <UniqueIdentifier>{cba88762-fa4c-44bb-a6f6-b094a8cf3dde}</UniqueIdentifier>
    </Filter>
    <Filter Include="visual">
      <UniqueIdentifier>{fe9feb7c-ec8b-4a85-a6ba-430c5e4f41a7}</UniqueIdentifier>
    </Filter>
    <Filter Include="interface">
      <UniqueIdentifier>{82bb5fd3-d0bb-42c9-8684-03d3af233b0d}</UniqueIdentifier>
    </Filter>
    <Filter Include="interface\menu">
      <UniqueIdentifier>{c860351c-f7f7-4bd3-a3aa-6c3100dafa20}</UniqueIdentifier>
    </Filter>
    <Filter Include="environment\background">
      <UniqueIdentifier>{c509ba18-b93f-49da-8dcc-2fcba6b09c3d}</UniqueIdentifier>
    </Filter>
    <Filter Include="_data">
      <UniqueIdentifier>{c909c6a8-0e5d-4d46-a6b7-0a34b9fe3ee1}</UniqueIdentifier>
    </Filter>
    <Filter Include="_data\languages">
      <UniqueIdentifier>{1661bdf9-2710-49eb-a752-7d50ddfed78b}</UniqueIdentifier>
    </Filter>
    <Filter Include="_data\shaders">
      <UniqueIdentifier>{e3bbc2c3-f6c4-41c0-9650-36d1c80b246b}</UniqueIdentifier>
    </Filter>
  </ItemGroup>
  <ItemGroup>
    <None Include="..\..\..\executable\data\shaders\default_3d_raw.vert">
      <Filter>_data\shaders</Filter>
    </None>
    <None Include="..\..\..\executable\data\shaders\default_label.vert">
      <Filter>_data\shaders</Filter>
    </None>
    <None Include="..\..\..\executable\data\shaders\default_label_sharp.frag">
      <Filter>_data\shaders</Filter>
    </None>
    <None Include="..\..\..\executable\data\shaders\default_label_smooth.frag">
      <Filter>_data\shaders</Filter>
    </None>
    <None Include="..\..\..\executable\data\shaders\default_particle.frag">
      <Filter>_data\shaders</Filter>
    </None>
    <None Include="..\..\..\executable\data\shaders\default_particle.vert">
      <Filter>_data\shaders</Filter>
    </None>
    <None Include="..\..\..\executable\data\shaders\effect_decal.frag">
      <Filter>_data\shaders</Filter>
    </None>
    <None Include="..\..\..\executable\data\shaders\effect_decal.vert">
      <Filter>_data\shaders</Filter>
    </None>
    <None Include="..\..\..\executable\data\shaders\effect_distortion.frag">
      <Filter>_data\shaders</Filter>
    </None>
    <None Include="..\..\..\executable\data\shaders\effect_distortion.vert">
      <Filter>_data\shaders</Filter>
    </None>
    <None Include="..\..\..\executable\data\shaders\effect_energy.frag">
      <Filter>_data\shaders</Filter>
    </None>
    <None Include="..\..\..\executable\data\shaders\effect_energy.vert">
      <Filter>_data\shaders</Filter>
    </None>
    <None Include="..\..\..\executable\data\shaders\effect_lightning.frag">
      <Filter>_data\shaders</Filter>
    </None>
    <None Include="..\..\..\executable\data\shaders\effect_lightning.vert">
      <Filter>_data\shaders</Filter>
    </None>
    <None Include="..\..\..\executable\data\shaders\effect_outline.frag">
      <Filter>_data\shaders</Filter>
    </None>
    <None Include="..\..\..\executable\data\shaders\effect_outline.vert">
      <Filter>_data\shaders</Filter>
    </None>
    <None Include="..\..\..\executable\data\shaders\effect_particle.vert">
      <Filter>_data\shaders</Filter>
    </None>
    <None Include="..\..\..\executable\data\shaders\effect_particle_color.frag">
      <Filter>_data\shaders</Filter>
    </None>
    <None Include="..\..\..\executable\data\shaders\effect_particle_dark.frag">
      <Filter>_data\shaders</Filter>
    </None>
    <None Include="..\..\..\executable\data\shaders\effect_particle_fire.frag">
      <Filter>_data\shaders</Filter>
    </None>
    <None Include="..\..\..\executable\data\shaders\effect_particle_smoke.frag">
      <Filter>_data\shaders</Filter>
    </None>
    <None Include="..\..\..\executable\data\shaders\effect_shadow.frag">
      <Filter>_data\shaders</Filter>
    </None>
    <None Include="..\..\..\executable\data\shaders\effect_shadow.vert">
      <Filter>_data\shaders</Filter>
    </None>
    <None Include="..\..\..\executable\data\shaders\effect_shield.frag">
      <Filter>_data\shaders</Filter>
    </None>
    <None Include="..\..\..\executable\data\shaders\effect_shield.vert">
      <Filter>_data\shaders</Filter>
    </None>
    <None Include="..\..\..\executable\data\shaders\environment_clouds.frag">
      <Filter>_data\shaders</Filter>
    </None>
    <None Include="..\..\..\executable\data\shaders\environment_clouds.vert">
      <Filter>_data\shaders</Filter>
    </None>
    <None Include="..\..\..\executable\data\shaders\environment_ice.frag">
      <Filter>_data\shaders</Filter>
    </None>
    <None Include="..\..\..\executable\data\shaders\environment_ice.vert">
      <Filter>_data\shaders</Filter>
    </None>
    <None Include="..\..\..\executable\data\shaders\environment_lava.frag">
      <Filter>_data\shaders</Filter>
    </None>
    <None Include="..\..\..\executable\data\shaders\environment_lava.vert">
      <Filter>_data\shaders</Filter>
    </None>
    <None Include="..\..\..\executable\data\shaders\environment_outdoor.frag">
      <Filter>_data\shaders</Filter>
    </None>
    <None Include="..\..\..\executable\data\shaders\environment_outdoor.vert">
      <Filter>_data\shaders</Filter>
    </None>
    <None Include="..\..\..\executable\data\shaders\environment_rain.frag">
      <Filter>_data\shaders</Filter>
    </None>
    <None Include="..\..\..\executable\data\shaders\environment_rain.vert">
      <Filter>_data\shaders</Filter>
    </None>
    <None Include="..\..\..\executable\data\shaders\environment_under.frag">
      <Filter>_data\shaders</Filter>
    </None>
    <None Include="..\..\..\executable\data\shaders\environment_under.vert">
      <Filter>_data\shaders</Filter>
    </None>
    <None Include="..\..\..\executable\data\shaders\environment_water.frag">
      <Filter>_data\shaders</Filter>
    </None>
    <None Include="..\..\..\executable\data\shaders\environment_water.vert">
      <Filter>_data\shaders</Filter>
    </None>
    <None Include="..\..\..\executable\data\shaders\full.vert">
      <Filter>_data\shaders</Filter>
    </None>
    <None Include="..\..\..\executable\data\shaders\full_blur_1.frag">
      <Filter>_data\shaders</Filter>
    </None>
    <None Include="..\..\..\executable\data\shaders\full_blur_2.frag">
      <Filter>_data\shaders</Filter>
    </None>
    <None Include="..\..\..\executable\data\shaders\full_post.frag">
      <Filter>_data\shaders</Filter>
    </None>
    <None Include="..\..\..\executable\data\shaders\full_transition.frag">
      <Filter>_data\shaders</Filter>
    </None>
    <None Include="..\..\..\executable\data\shaders\global.glsl">
      <Filter>_data\shaders</Filter>
    </None>
    <None Include="..\..\..\executable\data\shaders\menu_animate.frag">
      <Filter>_data\shaders</Filter>
    </None>
    <None Include="..\..\..\executable\data\shaders\menu_animate.vert">
      <Filter>_data\shaders</Filter>
    </None>
    <None Include="..\..\..\executable\data\shaders\menu_border.frag">
      <Filter>_data\shaders</Filter>
    </None>
    <None Include="..\..\..\executable\data\shaders\menu_border.vert">
      <Filter>_data\shaders</Filter>
    </None>
    <None Include="..\..\..\executable\data\shaders\menu_circle.frag">
      <Filter>_data\shaders</Filter>
    </None>
    <None Include="..\..\..\executable\data\shaders\menu_circle.vert">
      <Filter>_data\shaders</Filter>
    </None>
    <None Include="..\..\..\executable\data\shaders\menu_grey.frag">
      <Filter>_data\shaders</Filter>
    </None>
    <None Include="..\..\..\executable\data\shaders\menu_inner.frag">
      <Filter>_data\shaders</Filter>
    </None>
    <None Include="..\..\..\executable\data\shaders\menu_inner.vert">
      <Filter>_data\shaders</Filter>
    </None>
    <None Include="..\..\..\executable\data\shaders\menu_sharp.frag">
      <Filter>_data\shaders</Filter>
    </None>
    <None Include="..\..\..\executable\data\shaders\object.vert">
      <Filter>_data\shaders</Filter>
    </None>
    <None Include="..\..\..\executable\data\shaders\object_ground.frag">
      <Filter>_data\shaders</Filter>
    </None>
    <None Include="..\..\..\executable\data\shaders\object_ship.frag">
      <Filter>_data\shaders</Filter>
    </None>
    <None Include="..\..\..\executable\data\shaders\custom.glsl">
      <Filter>_data\shaders</Filter>
    </None>
    <None Include="..\..\..\executable\data\shaders\default_2d.frag">
      <Filter>_data\shaders</Filter>
    </None>
    <None Include="..\..\..\executable\data\shaders\default_2d.vert">
      <Filter>_data\shaders</Filter>
    </None>
    <None Include="..\..\..\executable\data\shaders\default_3d.frag">
      <Filter>_data\shaders</Filter>
    </None>
    <None Include="..\..\..\executable\data\shaders\default_3d_low.vert">
      <Filter>_data\shaders</Filter>
    </None>
    <None Include="..\..\..\executable\data\languages\english.lng">
      <Filter>_data\languages</Filter>
    </None>
    <None Include="..\..\..\executable\data\languages\german.lng">
      <Filter>_data\languages</Filter>
    </None>
    <None Include="..\..\..\executable\data\languages\japanese.lng">
      <Filter>_data\languages</Filter>
    </None>
    <None Include="..\..\..\executable\data\shaders\environment_vignette.frag">
      <Filter>_data\shaders</Filter>
    </None>
  </ItemGroup>
  <ItemGroup>
    <Text Include="..\..\..\executable\data\shaders\readme.txt">
      <Filter>_data\shaders</Filter>
    </Text>
  </ItemGroup>
</Project>