<?xml version="1.0" encoding="utf-8"?>
<Project ToolsVersion="4.0" xmlns="http://schemas.microsoft.com/developer/msbuild/2003">
  <ItemGroup>
    <ClCompile Include="..\..\..\source\application.cpp" />
    <ClCompile Include="..\..\..\source\main.cpp" />
    <ClCompile Include="..\..\..\source\environment\cEnvironment.cpp">
      <Filter>environment</Filter>
    </ClCompile>
    <ClCompile Include="..\..\..\source\environment\cOutdoor.cpp">
      <Filter>environment</Filter>
    </ClCompile>
    <ClCompile Include="..\..\..\source\environment\cWater.cpp">
      <Filter>environment</Filter>
    </ClCompile>
    <ClCompile Include="..\..\..\source\game\cPlayer.cpp">
      <Filter>game</Filter>
    </ClCompile>
    <ClCompile Include="..\..\..\source\game\cGame.cpp">
      <Filter>game</Filter>
    </ClCompile>
    <ClCompile Include="..\..\..\source\game\cBullet.cpp">
      <Filter>game</Filter>
    </ClCompile>
    <ClCompile Include="..\..\..\source\game\cWeapon.cpp">
      <Filter>game</Filter>
    </ClCompile>
    <ClCompile Include="..\..\..\source\game\cEnemy.cpp">
      <Filter>game</Filter>
    </ClCompile>
    <ClCompile Include="..\..\..\source\game\cShip.cpp">
      <Filter>game</Filter>
    </ClCompile>
    <ClCompile Include="..\..\..\source\game\boss\0101_cCrossfieldBoss.cpp">
      <Filter>game\boss</Filter>
    </ClCompile>
    <ClCompile Include="..\..\..\source\game\boss\cBoss.cpp">
      <Filter>game\boss</Filter>
    </ClCompile>
    <ClCompile Include="..\..\..\source\game\mission\cMission.cpp">
      <Filter>game\mission</Filter>
    </ClCompile>
    <ClCompile Include="..\..\..\source\visual\cForeground.cpp">
      <Filter>visual</Filter>
    </ClCompile>
    <ClCompile Include="..\..\..\source\visual\cGlow.cpp">
      <Filter>visual</Filter>
    </ClCompile>
    <ClCompile Include="..\..\..\source\visual\cOutline.cpp">
      <Filter>visual</Filter>
    </ClCompile>
    <ClCompile Include="..\..\..\source\visual\cPostProcessing.cpp">
      <Filter>visual</Filter>
    </ClCompile>
    <ClCompile Include="..\..\..\source\visual\cShadow.cpp">
      <Filter>visual</Filter>
    </ClCompile>
    <ClCompile Include="..\..\..\source\visual\cSpecialEffects.cpp">
      <Filter>visual</Filter>
    </ClCompile>
    <ClCompile Include="..\..\..\source\file\cConfig.cpp">
      <Filter>file</Filter>
    </ClCompile>
    <ClCompile Include="..\..\..\source\file\cSave.cpp">
      <Filter>file</Filter>
    </ClCompile>
    <ClCompile Include="..\..\..\source\interface\cCombatText.cpp">
      <Filter>interface</Filter>
    </ClCompile>
    <ClCompile Include="..\..\..\source\interface\cInterface.cpp">
      <Filter>interface</Filter>
    </ClCompile>
    <ClCompile Include="..\..\..\source\interface\menu\cMenu.cpp">
      <Filter>interface\menu</Filter>
    </ClCompile>
    <ClCompile Include="..\..\..\source\interface\cTooltip.cpp">
      <Filter>interface</Filter>
    </ClCompile>
    <ClCompile Include="..\..\..\source\interface\cMsgBox.cpp">
      <Filter>interface</Filter>
    </ClCompile>
    <ClCompile Include="..\..\..\source\interface\menu\02_cMainMenu.cpp">
      <Filter>interface\menu</Filter>
    </ClCompile>
    <ClCompile Include="..\..\..\source\interface\menu\01_cIntroMenu.cpp">
      <Filter>interface\menu</Filter>
    </ClCompile>
    <ClCompile Include="..\..\..\source\visual\cDistortion.cpp">
      <Filter>visual</Filter>
    </ClCompile>
    <ClCompile Include="..\..\..\source\game\mission\01_cViridoMission.cpp">
      <Filter>game\mission</Filter>
    </ClCompile>
    <ClCompile Include="..\..\..\source\environment\background\01_cGrassBackground.cpp">
      <Filter>environment\background</Filter>
    </ClCompile>
    <ClCompile Include="..\..\..\source\environment\background\cBackground.cpp">
      <Filter>environment\background</Filter>
    </ClCompile>
    <ClCompile Include="..\..\..\source\environment\background\02_cSeaBackground.cpp">
      <Filter>environment\background</Filter>
    </ClCompile>
    <ClCompile Include="..\..\..\source\game\boss\0102_cTorusBoss.cpp">
      <Filter>game\boss</Filter>
    </ClCompile>
    <ClCompile Include="..\..\..\source\game\boss\0103_cVausBoss.cpp">
      <Filter>game\boss</Filter>
    </ClCompile>
    <ClCompile Include="..\..\..\source\interface\cCombatStats.cpp">
      <Filter>interface</Filter>
    </ClCompile>
    <ClCompile Include="..\..\..\source\interface\menu\03_cGameMenu.cpp">
      <Filter>interface\menu</Filter>
    </ClCompile>
    <ClCompile Include="..\..\..\source\interface\menu\04_cConfigMenu.cpp">
      <Filter>interface\menu</Filter>
    </ClCompile>
    <ClCompile Include="..\..\..\source\interface\menu\05_cExtraMenu.cpp">
      <Filter>interface\menu</Filter>
    </ClCompile>
    <ClCompile Include="..\..\..\source\visual\cBlur.cpp">
      <Filter>visual</Filter>
    </ClCompile>
    <ClCompile Include="..\..\..\source\environment\background\03_cDesertBackground.cpp">
      <Filter>environment\background</Filter>
    </ClCompile>
    <ClCompile Include="..\..\..\source\environment\background\04_cSpaceBackground.cpp">
      <Filter>environment\background</Filter>
    </ClCompile>
    <ClCompile Include="..\..\..\source\environment\background\05_cVolcanoBackground.cpp">
      <Filter>environment\background</Filter>
    </ClCompile>
    <ClCompile Include="..\..\..\source\environment\background\06_cSnowBackground.cpp">
      <Filter>environment\background</Filter>
    </ClCompile>
    <ClCompile Include="..\..\..\source\environment\background\07_cMossBackground.cpp">
      <Filter>environment\background</Filter>
    </ClCompile>
    <ClCompile Include="..\..\..\source\interface\menu\06_cPauseMenu.cpp">
      <Filter>interface\menu</Filter>
    </ClCompile>
    <ClCompile Include="..\..\..\source\game\cTheater.cpp">
      <Filter>game</Filter>
    </ClCompile>
    <ClCompile Include="..\..\..\source\environment\background\99_cCloudBackground.cpp">
      <Filter>environment\background</Filter>
    </ClCompile>
    <ClCompile Include="..\..\..\source\game\mission\99_cIntroMission.cpp">
      <Filter>game\mission</Filter>
    </ClCompile>
    <ClCompile Include="..\..\..\source\game\boss\9901_cProjectOneBoss.cpp">
      <Filter>game\boss</Filter>
    </ClCompile>
    <ClCompile Include="..\..\..\source\game\cShield.cpp">
      <Filter>game</Filter>
    </ClCompile>
    <ClCompile Include="..\..\..\source\environment\background\08_cDarkBackground.cpp">
      <Filter>environment\background</Filter>
    </ClCompile>
    <ClCompile Include="..\..\..\source\game\mission\02_cNevoMission.cpp">
      <Filter>game\mission</Filter>
    </ClCompile>
    <ClCompile Include="..\..\..\source\game\mission\03_cHarenaMission.cpp">
      <Filter>game\mission</Filter>
    </ClCompile>
    <ClCompile Include="..\..\..\source\game\mission\04_cRutilusMission.cpp">
      <Filter>game\mission</Filter>
    </ClCompile>
    <ClCompile Include="..\..\..\source\game\mission\05_cGeluMission.cpp">
      <Filter>game\mission</Filter>
    </ClCompile>
    <ClCompile Include="..\..\..\source\game\mission\06_cCalorMission.cpp">
      <Filter>game\mission</Filter>
    </ClCompile>
    <ClCompile Include="..\..\..\source\game\mission\07_cMuscusMission.cpp">
      <Filter>game\mission</Filter>
    </ClCompile>
    <ClCompile Include="..\..\..\source\game\mission\08_cAterMission.cpp">
      <Filter>game\mission</Filter>
    </ClCompile>
    <ClCompile Include="..\..\..\source\game\boss\0201_cUnknown0201Boss.cpp">
      <Filter>game\boss</Filter>
    </ClCompile>
    <ClCompile Include="..\..\..\source\game\boss\0202_cUnknown0202Boss.cpp">
      <Filter>game\boss</Filter>
    </ClCompile>
    <ClCompile Include="..\..\..\source\game\boss\0301_cUnknown0301Boss.cpp">
      <Filter>game\boss</Filter>
    </ClCompile>
    <ClCompile Include="..\..\..\source\game\boss\0303_cUnknown0303Boss.cpp">
      <Filter>game\boss</Filter>
    </ClCompile>
    <ClCompile Include="..\..\..\source\game\boss\0401_cUnknown0401Boss.cpp">
      <Filter>game\boss</Filter>
    </ClCompile>
    <ClCompile Include="..\..\..\source\game\boss\0402_cUnknown0402Boss.cpp">
      <Filter>game\boss</Filter>
    </ClCompile>
    <ClCompile Include="..\..\..\source\game\boss\0403_cUnknown0403Boss.cpp">
      <Filter>game\boss</Filter>
    </ClCompile>
    <ClCompile Include="..\..\..\source\game\boss\0501_cUnknown0501Boss.cpp">
      <Filter>game\boss</Filter>
    </ClCompile>
    <ClCompile Include="..\..\..\source\game\boss\0601_cUnknown0601Boss.cpp">
      <Filter>game\boss</Filter>
    </ClCompile>
    <ClCompile Include="..\..\..\source\game\boss\0603_cUnknown0603Boss.cpp">
      <Filter>game\boss</Filter>
    </ClCompile>
    <ClCompile Include="..\..\..\source\game\boss\0701_cUnknown0701Boss.cpp">
      <Filter>game\boss</Filter>
    </ClCompile>
    <ClCompile Include="..\..\..\source\game\boss\0702_cUnknown0702Boss.cpp">
      <Filter>game\boss</Filter>
    </ClCompile>
    <ClCompile Include="..\..\..\source\game\boss\0703_cUnknown0703Boss.cpp">
      <Filter>game\boss</Filter>
    </ClCompile>
    <ClCompile Include="..\..\..\source\game\boss\0203_cLeviathanBoss.cpp">
      <Filter>game\boss</Filter>
    </ClCompile>
    <ClCompile Include="..\..\..\source\game\boss\0302_cTigerBoss.cpp">
      <Filter>game\boss</Filter>
    </ClCompile>
    <ClCompile Include="..\..\..\source\game\boss\0503_cCholBoss.cpp">
      <Filter>game\boss</Filter>
    </ClCompile>
    <ClCompile Include="..\..\..\source\game\boss\0602_cShelobBoss.cpp">
      <Filter>game\boss</Filter>
    </ClCompile>
    <ClCompile Include="..\..\..\source\game\boss\0502_cPhalarisBoss.cpp">
      <Filter>game\boss</Filter>
    </ClCompile>
  </ItemGroup>
  <ItemGroup>
    <ClInclude Include="..\..\..\source\main.h" />
    <ClInclude Include="..\..\..\source\environment\cEnvironment.h">
      <Filter>environment</Filter>
    </ClInclude>
    <ClInclude Include="..\..\..\source\environment\cOutdoor.h">
      <Filter>environment</Filter>
    </ClInclude>
    <ClInclude Include="..\..\..\source\environment\cWater.h">
      <Filter>environment</Filter>
    </ClInclude>
    <ClInclude Include="..\..\..\source\game\cPlayer.h">
      <Filter>game</Filter>
    </ClInclude>
    <ClInclude Include="..\..\..\source\game\cGame.h">
      <Filter>game</Filter>
    </ClInclude>
    <ClInclude Include="..\..\..\source\game\cBullet.h">
      <Filter>game</Filter>
    </ClInclude>
    <ClInclude Include="..\..\..\source\game\cWeapon.h">
      <Filter>game</Filter>
    </ClInclude>
    <ClInclude Include="..\..\..\source\game\cEnemy.h">
      <Filter>game</Filter>
    </ClInclude>
    <ClInclude Include="..\..\..\source\game\cShip.h">
      <Filter>game</Filter>
    </ClInclude>
    <ClInclude Include="..\..\..\source\additional\cBindContainer.h">
      <Filter>additional</Filter>
    </ClInclude>
    <ClInclude Include="..\..\..\source\game\boss\cBoss.h">
      <Filter>game\boss</Filter>
    </ClInclude>
    <ClInclude Include="..\..\..\source\game\mission\cMission.h">
      <Filter>game\mission</Filter>
    </ClInclude>
    <ClInclude Include="..\..\..\source\visual\cForeground.h">
      <Filter>visual</Filter>
    </ClInclude>
    <ClInclude Include="..\..\..\source\visual\cGlow.h">
      <Filter>visual</Filter>
    </ClInclude>
    <ClInclude Include="..\..\..\source\visual\cOutline.h">
      <Filter>visual</Filter>
    </ClInclude>
    <ClInclude Include="..\..\..\source\visual\cPostProcessing.h">
      <Filter>visual</Filter>
    </ClInclude>
    <ClInclude Include="..\..\..\source\visual\cShadow.h">
      <Filter>visual</Filter>
    </ClInclude>
    <ClInclude Include="..\..\..\source\visual\cSpecialEffects.h">
      <Filter>visual</Filter>
    </ClInclude>
    <ClInclude Include="..\..\..\source\file\cConfig.h">
      <Filter>file</Filter>
    </ClInclude>
    <ClInclude Include="..\..\..\source\file\cSave.h">
      <Filter>file</Filter>
    </ClInclude>
    <ClInclude Include="..\..\..\source\interface\cCombatText.h">
      <Filter>interface</Filter>
    </ClInclude>
    <ClInclude Include="..\..\..\source\interface\cInterface.h">
      <Filter>interface</Filter>
    </ClInclude>
    <ClInclude Include="..\..\..\source\interface\menu\cMenu.h">
      <Filter>interface\menu</Filter>
    </ClInclude>
    <ClInclude Include="..\..\..\source\interface\cTooltip.h">
      <Filter>interface</Filter>
    </ClInclude>
    <ClInclude Include="..\..\..\source\interface\cMsgBox.h">
      <Filter>interface</Filter>
    </ClInclude>
    <ClInclude Include="..\..\..\source\visual\cDistortion.h">
      <Filter>visual</Filter>
    </ClInclude>
    <ClInclude Include="..\..\..\source\environment\background\cBackground.h">
      <Filter>environment\background</Filter>
    </ClInclude>
    <ClInclude Include="..\..\..\source\interface\cCombatStats.h">
      <Filter>interface</Filter>
    </ClInclude>
    <ClInclude Include="..\..\..\source\visual\cBlur.h">
      <Filter>visual</Filter>
    </ClInclude>
    <ClInclude Include="..\..\..\source\game\cTheater.h">
      <Filter>game</Filter>
    </ClInclude>
    <ClInclude Include="..\..\..\source\game\cShield.h">
      <Filter>game</Filter>
    </ClInclude>
  </ItemGroup>
  <ItemGroup>
    <Filter Include="environment">
      <UniqueIdentifier>{11f29e90-da30-4728-9181-57b2d076d495}</UniqueIdentifier>
    </Filter>
    <Filter Include="game">
      <UniqueIdentifier>{f3437c2b-9f83-4a31-9e05-db08c171e2cc}</UniqueIdentifier>
    </Filter>
    <Filter Include="additional">
      <UniqueIdentifier>{b5236847-0adc-43fb-b72c-e45beb3466cf}</UniqueIdentifier>
    </Filter>
    <Filter Include="game\boss">
      <UniqueIdentifier>{0f555031-364b-4f70-98c6-10d175c08678}</UniqueIdentifier>
    </Filter>
    <Filter Include="game\mission">
      <UniqueIdentifier>{bbaef394-ffd4-4718-938d-ba4f4ce1a617}</UniqueIdentifier>
    </Filter>
    <Filter Include="file">
      <UniqueIdentifier>{cba88762-fa4c-44bb-a6f6-b094a8cf3dde}</UniqueIdentifier>
    </Filter>
    <Filter Include="visual">
      <UniqueIdentifier>{fe9feb7c-ec8b-4a85-a6ba-430c5e4f41a7}</UniqueIdentifier>
    </Filter>
    <Filter Include="interface">
      <UniqueIdentifier>{82bb5fd3-d0bb-42c9-8684-03d3af233b0d}</UniqueIdentifier>
    </Filter>
    <Filter Include="interface\menu">
      <UniqueIdentifier>{c860351c-f7f7-4bd3-a3aa-6c3100dafa20}</UniqueIdentifier>
    </Filter>
    <Filter Include="environment\background">
      <UniqueIdentifier>{c509ba18-b93f-49da-8dcc-2fcba6b09c3d}</UniqueIdentifier>
    </Filter>
  </ItemGroup>
</Project>